{
  "name": "qbtc-voteweighted-vector-generator",
  "version": "1.0.0",
  "lockfileVersion": 3,
  "requires": true,
  "packages": {
    "": {
      "name": "qbtc-voteweighted-vector-generator",
      "version": "1.0.0",
      "dependencies": {
        "@cosmjs/crypto": "0.39.0",
        "@cosmjs/encoding": "0.39.0",
        "cosmjs-types": "0.11.0"
      }
    },
    "node_modules/@cosmjs/crypto": {
      "version": "0.39.0",
      "resolved": "https://registry.npmjs.org/@cosmjs/crypto/-/crypto-0.39.0.tgz",
      "integrity": "sha512-ATRhSXN8w3fvUkj9xzLHwvzylDvvn4f3cC1CQwhQc2OxyzpEEFACS3wHS6iwdJJS99acV8dq+oVOYflUqI0brQ==",
      "license": "Apache-2.0",
      "dependencies": {
        "@cosmjs/encoding": "^0.39.0",
        "@cosmjs/math": "^0.39.0",
        "@cosmjs/utils": "^0.39.0",
        "@noble/ciphers": "^2.1.1",
        "@noble/curves": "^2.0.1",
        "@noble/hashes": "^2.0.1",
        "@scure/bip39": "^2.0.1"
      }
    },
    "node_modules/@cosmjs/encoding": {
      "version": "0.39.0",
      "resolved": "https://registry.npmjs.org/@cosmjs/encoding/-/encoding-0.39.0.tgz",
      "integrity": "sha512-+poEaeM8YjGNVtrHLQNWqkhEeDxapjrdpnPCT+JCRh8YNbeHEdftzZLCH5VCBSOtvo7PF0gK1B7sbQbBl6q5pQ==",
      "license": "Apache-2.0",
      "dependencies": {
        "@scure/base": "^2.0.0",
        "base64-js": "^1.3.0",
        "readonly-date-esm": "^2.0.0"
      }
    },
    "node_modules/@cosmjs/math": {
      "version": "0.39.0",
      "resolved": "https://registry.npmjs.org/@cosmjs/math/-/math-0.39.0.tgz",
      "integrity": "sha512-FSLy/oDF+BtOP/J60RsjL5W4MCKiCfBjSoeV5xj6qg2g8N884Ue853iuWanjqGkQJwkXCp+JbeK8Mv9j6AaYHw==",
      "license": "Apache-2.0"
    },
    "node_modules/@cosmjs/utils": {
      "version": "0.39.0",
      "resolved": "https://registry.npmjs.org/@cosmjs/utils/-/utils-0.39.0.tgz",
      "integrity": "sha512-h7fy7Tbcl9v8ABntp8+kqw2VmUus2HbnRJFyzTkM7byRktLtECHYNMsztwyl1rdHkzc8Nc2xs6K/56d7a+75aw==",
      "license": "Apache-2.0"
    },
    "node_modules/@noble/ciphers": {
      "version": "2.2.0",
      "resolved": "https://registry.npmjs.org/@noble/ciphers/-/ciphers-2.2.0.tgz",
      "integrity": "sha512-Z6pjIZ/8IJcCGzb2S/0Px5J81yij85xASuk1teLNeg75bfT07MV3a/O2Mtn1I2se43k3lkVEcFaR10N4cgQcZA==",
      "license": "MIT",
      "engines": {
        "node": ">= 20.19.0"
      },
      "funding": {
        "url": "https://paulmillr.com/funding/"
      }
    },
    "node_modules/@noble/curves": {
      "version": "2.2.0",
      "resolved": "https://registry.npmjs.org/@noble/curves/-/curves-2.2.0.tgz",
      "integrity": "sha512-T/BoHgFXirb0ENSPBquzX0rcjXeM6Lo892a2jlYJkqk83LqZx0l1Of7DzlKJ6jkpvMrkHSnAcgb5JegL8SeIkQ==",
      "license": "MIT",
      "dependencies": {
        "@noble/hashes": "2.2.0"
      },
      "engines": {
        "node": ">= 20.19.0"
      },
      "funding": {
        "url": "https://paulmillr.com/funding/"
      }
    },
    "node_modules/@noble/hashes": {
      "version": "2.2.0",
      "resolved": "https://registry.npmjs.org/@noble/hashes/-/hashes-2.2.0.tgz",
      "integrity": "sha512-IYqDGiTXab6FniAgnSdZwgWbomxpy9FtYvLKs7wCUs2a8RkITG+DFGO1DM9cr+E3/RgADRpFjrKVaJ1z6sjtEg==",
      "license": "MIT",
      "engines": {
        "node": ">= 20.19.0"
      },
      "funding": {
        "url": "https://paulmillr.com/funding/"
      }
    },
    "node_modules/@scure/base": {
      "version": "2.2.0",
      "resolved": "https://registry.npmjs.org/@scure/base/-/base-2.2.0.tgz",
      "integrity": "sha512-b8XEupJibegiXV+tDUseI8oLQc8ei3d/4Jkb2RpbHh3MfE054ov3uIz2dhFkB3FI8iwYkEh0gGCApkrYggkPNg==",
      "license": "MIT",
      "funding": {
        "url": "https://paulmillr.com/funding/"
      }
    },
    "node_modules/@scure/bip39": {
      "version": "2.2.0",
      "resolved": "https://registry.npmjs.org/@scure/bip39/-/bip39-2.2.0.tgz",
      "integrity": "sha512-T/Bj/YvYMNkIPq6EENO6/rcs2e7qTNuyoUXf0KBFDmp0ZDu0H2X4Lq6yC3i0c8PcWkov5EbW+yQZZbdMmk154A==",
      "license": "MIT",
      "dependencies": {
        "@noble/hashes": "2.2.0",
        "@scure/base": "2.2.0"
      },
      "funding": {
        "url": "https://paulmillr.com/funding/"
      }
    },
    "node_modules/base64-js": {
      "version": "1.5.1",
      "resolved": "https://registry.npmjs.org/base64-js/-/base64-js-1.5.1.tgz",
      "integrity": "sha512-AKpaYlHn8t4SVbOHCy+b5+KKgvR4vrsD8vbvrbiQJps7fKDTkjkDry6ji0rUJjC0kzbNePLwzxq8iypo41qeWA==",
      "funding": [
        {
          "type": "github",
          "url": "https://github.com/sponsors/feross"
        },
        {
          "type": "patreon",
          "url": "https://www.patreon.com/feross"
        },
        {
          "type": "consulting",
          "url": "https://feross.org/support"
        }
      ],
      "license": "MIT"
    },
    "node_modules/cosmjs-types": {
      "version": "0.11.0",
      "resolved": "https://registry.npmjs.org/cosmjs-types/-/cosmjs-types-0.11.0.tgz",
      "integrity": "sha512-kDSkgHpRTrg1413jCNehT3P21+EBxZWFMBr9JEzVfmPiNdtuwAoLAkCYo7c7i/pTakAwyHsXbxOg8kkD+AN33w==",
      "license": "Apache-2.0",
      "engines": {
        "node": ">=20.19"
      }
    },
    "node_modules/readonly-date-esm": {
      "version": "2.0.0",
      "resolved": "https://registry.npmjs.org/readonly-date-esm/-/readonly-date-esm-2.0.0.tgz",
      "integrity": "sha512-adlyzz144ofU22kjnnRIN0HPPqIbc5IZvMmMuVtEgMY4mKgNyKqOVb4Fa2GUzE2By4TEPOYoGqDoKRyqmeEuPQ==",
      "license": "Apache-2.0"
    }
  }
}
