// !$*UTF8*$!
{
	archiveVersion = 1;
	classes = {
	};
	objectVersion = 60;
	objects = {

/* Begin PBXBuildFile section */
		049BBB502B71E39B004C231F /* AddressItem.swift in Sources */ = {isa = PBXBuildFile; fileRef = 049BBB4F2B71E39B004C231F /* AddressItem.swift */; };
		049BBB522B71E498004C231F /* AssetsView.swift in Sources */ = {isa = PBXBuildFile; fileRef = 049BBB512B71E498004C231F /* AssetsView.swift */; };
		049BBB542B71E4F8004C231F /* BottomBar.swift in Sources */ = {isa = PBXBuildFile; fileRef = 049BBB532B71E4F8004C231F /* BottomBar.swift */; };
		049BBB562B71E5F5004C231F /* Choose.swift in Sources */ = {isa = PBXBuildFile; fileRef = 049BBB552B71E5F5004C231F /* Choose.swift */; };
		049BBB582B71E72F004C231F /* DeviceView.swift in Sources */ = {isa = PBXBuildFile; fileRef = 049BBB572B71E72F004C231F /* DeviceView.swift */; };
		049BBB5A2B71E785004C231F /* HeaderView.swift in Sources */ = {isa = PBXBuildFile; fileRef = 049BBB592B71E785004C231F /* HeaderView.swift */; };
		049BBB5C2B71E7F6004C231F /* LargeButton.swift in Sources */ = {isa = PBXBuildFile; fileRef = 049BBB5B2B71E7F6004C231F /* LargeButton.swift */; };
		049BBB5E2B71E83D004C231F /* Logo.swift in Sources */ = {isa = PBXBuildFile; fileRef = 049BBB5D2B71E83D004C231F /* Logo.swift */; };
		049BBB602B71E8A2004C231F /* MenuItem.swift in Sources */ = {isa = PBXBuildFile; fileRef = 049BBB5F2B71E8A2004C231F /* MenuItem.swift */; };
		049BBB622B71E8E7004C231F /* AssetItem.swift in Sources */ = {isa = PBXBuildFile; fileRef = 049BBB612B71E8E7004C231F /* AssetItem.swift */; };
		049BBB642B71E926004C231F /* RadioButtonGroup.swift in Sources */ = {isa = PBXBuildFile; fileRef = 049BBB632B71E926004C231F /* RadioButtonGroup.swift */; };
		049BBB662B71E987004C231F /* VaultItem.swift in Sources */ = {isa = PBXBuildFile; fileRef = 049BBB652B71E987004C231F /* VaultItem.swift */; };
		049BBB682B71E9C5004C231F /* WifiBar.swift in Sources */ = {isa = PBXBuildFile; fileRef = 049BBB672B71E9C5004C231F /* WifiBar.swift */; };
		4600167E2B71A12D00CE17C7 /* Tss.xcframework in Frameworks */ = {isa = PBXBuildFile; fileRef = 4600167D2B71A12D00CE17C7 /* Tss.xcframework */; };
		465B09A42B7C01CC00952DD9 /* WalletUnspentOutput.swift in Sources */ = {isa = PBXBuildFile; fileRef = 465B09A32B7C01CC00952DD9 /* WalletUnspentOutput.swift */; };
		465B09A72B7C049400952DD9 /* UnspentOutputsViewModel.swift in Sources */ = {isa = PBXBuildFile; fileRef = 465B09A62B7C049400952DD9 /* UnspentOutputsViewModel.swift */; };
		465B09A92B7C176700952DD9 /* TransactionDetailsViewModel.swift in Sources */ = {isa = PBXBuildFile; fileRef = 465B09A82B7C176700952DD9 /* TransactionDetailsViewModel.swift */; };
		465B09AB2B7C840100952DD9 /* ToastView.swift in Sources */ = {isa = PBXBuildFile; fileRef = 465B09AA2B7C840100952DD9 /* ToastView.swift */; };
		465B09AD2B7C841B00952DD9 /* QrCodeView.swift in Sources */ = {isa = PBXBuildFile; fileRef = 465B09AC2B7C841B00952DD9 /* QrCodeView.swift */; };
		465B09AF2B7C84C600952DD9 /* ShareSheet.swift in Sources */ = {isa = PBXBuildFile; fileRef = 465B09AE2B7C84C600952DD9 /* ShareSheet.swift */; };
		465B09B12B7C85C000952DD9 /* ActivityViewModel.swift in Sources */ = {isa = PBXBuildFile; fileRef = 465B09B02B7C85C000952DD9 /* ActivityViewModel.swift */; };
		465B09B32B7D710A00952DD9 /* DocumentPicker.swift in Sources */ = {isa = PBXBuildFile; fileRef = 465B09B22B7D710A00952DD9 /* DocumentPicker.swift */; };
		467B2D662B7B51F700AEDF64 /* NavigationStackButtons.swift in Sources */ = {isa = PBXBuildFile; fileRef = 467B2D652B7B51F700AEDF64 /* NavigationStackButtons.swift */; };
		D7347C262B74B82500887E57 /* LargeHeaderView.swift in Sources */ = {isa = PBXBuildFile; fileRef = D7347C252B74B82500887E57 /* LargeHeaderView.swift */; };
		D7347C282B758B2E00887E57 /* ImportQRCode.swift in Sources */ = {isa = PBXBuildFile; fileRef = D7347C272B758B2E00887E57 /* ImportQRCode.swift */; };
		D7347C2A2B758BE100887E57 /* ImportFile.swift in Sources */ = {isa = PBXBuildFile; fileRef = D7347C292B758BE100887E57 /* ImportFile.swift */; };
		D7347C2C2B758C6E00887E57 /* FileItem.swift in Sources */ = {isa = PBXBuildFile; fileRef = D7347C2B2B758C6E00887E57 /* FileItem.swift */; };
		D7347C2E2B759A0F00887E57 /* ProgressBottomBar.swift in Sources */ = {isa = PBXBuildFile; fileRef = D7347C2D2B759A0F00887E57 /* ProgressBottomBar.swift */; };
		D9A22EB72B667C41007281BF /* Mediator in Frameworks */ = {isa = PBXBuildFile; productRef = D9A22EB62B667C41007281BF /* Mediator */; };
		D9AD8EDA2B6722CC0009F8D5 /* ApplicationState.swift in Sources */ = {isa = PBXBuildFile; fileRef = D9AD8ED92B6722CC0009F8D5 /* ApplicationState.swift */; };
		D9AD8EDC2B6723D10009F8D5 /* AppNavigationState.swift in Sources */ = {isa = PBXBuildFile; fileRef = D9AD8EDB2B6723D10009F8D5 /* AppNavigationState.swift */; };
		D9AD8EDE2B6730430009F8D5 /* WelcomeView.swift in Sources */ = {isa = PBXBuildFile; fileRef = D9AD8EDD2B6730430009F8D5 /* WelcomeView.swift */; };
		D9AD8EE02B6730640009F8D5 /* StartView.swift in Sources */ = {isa = PBXBuildFile; fileRef = D9AD8EDF2B6730640009F8D5 /* StartView.swift */; };
		D9AD8EE22B67307F0009F8D5 /* ImportWalletView.swift in Sources */ = {isa = PBXBuildFile; fileRef = D9AD8EE12B67307F0009F8D5 /* ImportWalletView.swift */; };
		D9AD8EE42B6730940009F8D5 /* NewWalletInstructionsView.swift in Sources */ = {isa = PBXBuildFile; fileRef = D9AD8EE32B6730940009F8D5 /* NewWalletInstructionsView.swift */; };
		D9AD8EE62B6730A40009F8D5 /* PeerDiscoveryView.swift in Sources */ = {isa = PBXBuildFile; fileRef = D9AD8EE52B6730A40009F8D5 /* PeerDiscoveryView.swift */; };
		D9AD8EE82B6730CA0009F8D5 /* FinishedTSSKeygenView.swift in Sources */ = {isa = PBXBuildFile; fileRef = D9AD8EE72B6730CA0009F8D5 /* FinishedTSSKeygenView.swift */; };
		D9AD8EEA2B6730E30009F8D5 /* MenuView.swift in Sources */ = {isa = PBXBuildFile; fileRef = D9AD8EE92B6730E30009F8D5 /* MenuView.swift */; };
		D9AD8EEC2B6730ED0009F8D5 /* VaultAssetsView.swift in Sources */ = {isa = PBXBuildFile; fileRef = D9AD8EEB2B6730ED0009F8D5 /* VaultAssetsView.swift */; };
		D9AD8EF12B6731660009F8D5 /* SendInputDetailsView.swift in Sources */ = {isa = PBXBuildFile; fileRef = D9AD8EF02B6731660009F8D5 /* SendInputDetailsView.swift */; };
		D9AD8EF32B67317C0009F8D5 /* SendPeerDiscoveryView.swift in Sources */ = {isa = PBXBuildFile; fileRef = D9AD8EF22B67317C0009F8D5 /* SendPeerDiscoveryView.swift */; };
		D9AD8EF52B6731A00009F8D5 /* SendWaitingForPeersView.swift in Sources */ = {isa = PBXBuildFile; fileRef = D9AD8EF42B6731A00009F8D5 /* SendWaitingForPeersView.swift */; };
		D9AD8EF72B6731B30009F8D5 /* SendVerifyView.swift in Sources */ = {isa = PBXBuildFile; fileRef = D9AD8EF62B6731B30009F8D5 /* SendVerifyView.swift */; };
		D9AD8EF92B6731C50009F8D5 /* SendDoneView.swift in Sources */ = {isa = PBXBuildFile; fileRef = D9AD8EF82B6731C50009F8D5 /* SendDoneView.swift */; };
		D9AD8EFB2B6731E50009F8D5 /* SwapInputDetailsView.swift in Sources */ = {isa = PBXBuildFile; fileRef = D9AD8EFA2B6731E50009F8D5 /* SwapInputDetailsView.swift */; };
		D9AD8EFD2B6732070009F8D5 /* SwapPeerDiscoveryView.swift in Sources */ = {isa = PBXBuildFile; fileRef = D9AD8EFC2B6732070009F8D5 /* SwapPeerDiscoveryView.swift */; };
		D9AD8EFF2B67321D0009F8D5 /* SwapWaitingForPeersView.swift in Sources */ = {isa = PBXBuildFile; fileRef = D9AD8EFE2B67321D0009F8D5 /* SwapWaitingForPeersView.swift */; };
		D9AD8F012B6732360009F8D5 /* SwapVerifyView.swift in Sources */ = {isa = PBXBuildFile; fileRef = D9AD8F002B6732360009F8D5 /* SwapVerifyView.swift */; };
		D9AD8F032B6732450009F8D5 /* SwapDoneView.swift in Sources */ = {isa = PBXBuildFile; fileRef = D9AD8F022B6732450009F8D5 /* SwapDoneView.swift */; };
		D9AD8F062B675E360009F8D5 /* VaultAssetDetailView.swift in Sources */ = {isa = PBXBuildFile; fileRef = D9AD8F052B675E360009F8D5 /* VaultAssetDetailView.swift */; };
		D9AD8F082B675ECD0009F8D5 /* SupportedAssets.swift in Sources */ = {isa = PBXBuildFile; fileRef = D9AD8F072B675ECD0009F8D5 /* SupportedAssets.swift */; };
		DE1572962B70F254009BC7C5 /* TssMessenger.swift in Sources */ = {isa = PBXBuildFile; fileRef = DE1572942B70F254009BC7C5 /* TssMessenger.swift */; };
		DE1572972B70F254009BC7C5 /* LocalStateAccessorImp.swift in Sources */ = {isa = PBXBuildFile; fileRef = DE1572952B70F254009BC7C5 /* LocalStateAccessorImp.swift */; };
		DE1572992B70F26A009BC7C5 /* KeyType.swift in Sources */ = {isa = PBXBuildFile; fileRef = DE1572982B70F26A009BC7C5 /* KeyType.swift */; };
		DE15729E2B70F284009BC7C5 /* JoinKeysignView.swift in Sources */ = {isa = PBXBuildFile; fileRef = DE15729B2B70F284009BC7C5 /* JoinKeysignView.swift */; };
		DE15729F2B70F284009BC7C5 /* KeysignDiscoveryView.swift in Sources */ = {isa = PBXBuildFile; fileRef = DE15729C2B70F284009BC7C5 /* KeysignDiscoveryView.swift */; };
		DE1572A02B70F284009BC7C5 /* Keysign.swift in Sources */ = {isa = PBXBuildFile; fileRef = DE15729D2B70F284009BC7C5 /* Keysign.swift */; };
		DE1572A22B70F873009BC7C5 /* Tss.xcframework in Frameworks */ = {isa = PBXBuildFile; fileRef = DE1572A12B70F873009BC7C5 /* Tss.xcframework */; };
		DE1572AC2B7174D3009BC7C5 /* Utils.swift in Sources */ = {isa = PBXBuildFile; fileRef = DE1572AB2B7174D3009BC7C5 /* Utils.swift */; };
		DE1572AE2B7205F0009BC7C5 /* KeysignTestView.swift in Sources */ = {isa = PBXBuildFile; fileRef = DE1572AD2B7205F0009BC7C5 /* KeysignTestView.swift */; };
		DE28F52E2B7B0E7400E33058 /* bitcoin.swift in Sources */ = {isa = PBXBuildFile; fileRef = DE28F52D2B7B0E7400E33058 /* bitcoin.swift */; };
		DE28F5312B7B0FE900E33058 /* WalletCore in Frameworks */ = {isa = PBXBuildFile; productRef = DE28F5302B7B0FE900E33058 /* WalletCore */; };
		DE28F5332B7B0FED00E33058 /* SwiftProtobuf in Frameworks */ = {isa = PBXBuildFile; productRef = DE28F5322B7B0FED00E33058 /* SwiftProtobuf */; };
		DE491CEF2B708260007C88D5 /* KeygenView.swift in Sources */ = {isa = PBXBuildFile; fileRef = DE491CEE2B708260007C88D5 /* KeygenView.swift */; };
		DE49A1672B65F6D9000F3AFB /* VoltixApp.swift in Sources */ = {isa = PBXBuildFile; fileRef = DE49A1662B65F6D9000F3AFB /* VoltixApp.swift */; };
		DE49A1692B65F6D9000F3AFB /* MainNavigationStack.swift in Sources */ = {isa = PBXBuildFile; fileRef = DE49A1682B65F6D9000F3AFB /* MainNavigationStack.swift */; };
		DE49A16D2B65F6DB000F3AFB /* Assets.xcassets in Resources */ = {isa = PBXBuildFile; fileRef = DE49A16C2B65F6DB000F3AFB /* Assets.xcassets */; };
		DE49A1712B65F6DB000F3AFB /* Preview Assets.xcassets in Resources */ = {isa = PBXBuildFile; fileRef = DE49A1702B65F6DB000F3AFB /* Preview Assets.xcassets */; };
		DE49A17B2B65F6DB000F3AFB /* voltixAppTests.swift in Sources */ = {isa = PBXBuildFile; fileRef = DE49A17A2B65F6DB000F3AFB /* voltixAppTests.swift */; };
		DE49A1852B65F6DB000F3AFB /* voltixAppUITests.swift in Sources */ = {isa = PBXBuildFile; fileRef = DE49A1842B65F6DB000F3AFB /* voltixAppUITests.swift */; };
		DE49A1872B65F6DB000F3AFB /* voltixAppUITestsLaunchTests.swift in Sources */ = {isa = PBXBuildFile; fileRef = DE49A1862B65F6DB000F3AFB /* voltixAppUITestsLaunchTests.swift */; };
		DE49A1942B65F7B6000F3AFB /* Mediator in Resources */ = {isa = PBXBuildFile; fileRef = DE49A1932B65F7B6000F3AFB /* Mediator */; };
		DE49A19A2B660D8D000F3AFB /* Mediator in Frameworks */ = {isa = PBXBuildFile; productRef = DE49A1992B660D8D000F3AFB /* Mediator */; };
		DE49A19C2B67133D000F3AFB /* Vault.swift in Sources */ = {isa = PBXBuildFile; fileRef = DE49A19B2B67133D000F3AFB /* Vault.swift */; };
		DE49A19E2B671416000F3AFB /* Coin.swift in Sources */ = {isa = PBXBuildFile; fileRef = DE49A19D2B671416000F3AFB /* Coin.swift */; };
		DE49A1A02B67143B000F3AFB /* Chain.swift in Sources */ = {isa = PBXBuildFile; fileRef = DE49A19F2B67143B000F3AFB /* Chain.swift */; };
		DE49A1A52B68BB6B000F3AFB /* VaultSelectionView.swift in Sources */ = {isa = PBXBuildFile; fileRef = DE49A1A42B68BB6B000F3AFB /* VaultSelectionView.swift */; };
		DE49A1B22B6A0F77000F3AFB /* JoinKeygenView.swift in Sources */ = {isa = PBXBuildFile; fileRef = DE49A1B12B6A0F77000F3AFB /* JoinKeygenView.swift */; };
		DE49A1B52B6A1088000F3AFB /* CodeScanner in Frameworks */ = {isa = PBXBuildFile; platformFilter = ios; productRef = DE49A1B42B6A1088000F3AFB /* CodeScanner */; };
		DE4DFA7B2B7B1692004F8E73 /* ModelContainerPreview.swift in Sources */ = {isa = PBXBuildFile; fileRef = DE4DFA7A2B7B1692004F8E73 /* ModelContainerPreview.swift */; };
/* End PBXBuildFile section */

/* Begin PBXContainerItemProxy section */
		DE49A1772B65F6DB000F3AFB /* PBXContainerItemProxy */ = {
			isa = PBXContainerItemProxy;
			containerPortal = DE49A15B2B65F6D9000F3AFB /* Project object */;
			proxyType = 1;
			remoteGlobalIDString = DE49A1622B65F6D9000F3AFB;
			remoteInfo = voltixApp;
		};
		DE49A1812B65F6DB000F3AFB /* PBXContainerItemProxy */ = {
			isa = PBXContainerItemProxy;
			containerPortal = DE49A15B2B65F6D9000F3AFB /* Project object */;
			proxyType = 1;
			remoteGlobalIDString = DE49A1622B65F6D9000F3AFB;
			remoteInfo = voltixApp;
		};
/* End PBXContainerItemProxy section */

/* Begin PBXFileReference section */
		049BBB4F2B71E39B004C231F /* AddressItem.swift */ = {isa = PBXFileReference; lastKnownFileType = sourcecode.swift; path = AddressItem.swift; sourceTree = "<group>"; };
		049BBB512B71E498004C231F /* AssetsView.swift */ = {isa = PBXFileReference; lastKnownFileType = sourcecode.swift; path = AssetsView.swift; sourceTree = "<group>"; };
		049BBB532B71E4F8004C231F /* BottomBar.swift */ = {isa = PBXFileReference; lastKnownFileType = sourcecode.swift; path = BottomBar.swift; sourceTree = "<group>"; };
		049BBB552B71E5F5004C231F /* Choose.swift */ = {isa = PBXFileReference; lastKnownFileType = sourcecode.swift; path = Choose.swift; sourceTree = "<group>"; };
		049BBB572B71E72F004C231F /* DeviceView.swift */ = {isa = PBXFileReference; lastKnownFileType = sourcecode.swift; path = DeviceView.swift; sourceTree = "<group>"; };
		049BBB592B71E785004C231F /* HeaderView.swift */ = {isa = PBXFileReference; lastKnownFileType = sourcecode.swift; path = HeaderView.swift; sourceTree = "<group>"; };
		049BBB5B2B71E7F6004C231F /* LargeButton.swift */ = {isa = PBXFileReference; lastKnownFileType = sourcecode.swift; path = LargeButton.swift; sourceTree = "<group>"; };
		049BBB5D2B71E83D004C231F /* Logo.swift */ = {isa = PBXFileReference; lastKnownFileType = sourcecode.swift; path = Logo.swift; sourceTree = "<group>"; };
		049BBB5F2B71E8A2004C231F /* MenuItem.swift */ = {isa = PBXFileReference; lastKnownFileType = sourcecode.swift; path = MenuItem.swift; sourceTree = "<group>"; };
		049BBB612B71E8E7004C231F /* AssetItem.swift */ = {isa = PBXFileReference; lastKnownFileType = sourcecode.swift; path = AssetItem.swift; sourceTree = "<group>"; };
		049BBB632B71E926004C231F /* RadioButtonGroup.swift */ = {isa = PBXFileReference; lastKnownFileType = sourcecode.swift; path = RadioButtonGroup.swift; sourceTree = "<group>"; };
		049BBB652B71E987004C231F /* VaultItem.swift */ = {isa = PBXFileReference; lastKnownFileType = sourcecode.swift; path = VaultItem.swift; sourceTree = "<group>"; };
		049BBB672B71E9C5004C231F /* WifiBar.swift */ = {isa = PBXFileReference; lastKnownFileType = sourcecode.swift; path = WifiBar.swift; sourceTree = "<group>"; };
		4600167D2B71A12D00CE17C7 /* Tss.xcframework */ = {isa = PBXFileReference; lastKnownFileType = wrapper.xcframework; path = Tss.xcframework; sourceTree = "<group>"; };
		465B09A32B7C01CC00952DD9 /* WalletUnspentOutput.swift */ = {isa = PBXFileReference; fileEncoding = 4; lastKnownFileType = sourcecode.swift; path = WalletUnspentOutput.swift; sourceTree = "<group>"; };
		465B09A62B7C049400952DD9 /* UnspentOutputsViewModel.swift */ = {isa = PBXFileReference; lastKnownFileType = sourcecode.swift; path = UnspentOutputsViewModel.swift; sourceTree = "<group>"; };
		465B09A82B7C176700952DD9 /* TransactionDetailsViewModel.swift */ = {isa = PBXFileReference; lastKnownFileType = sourcecode.swift; path = TransactionDetailsViewModel.swift; sourceTree = "<group>"; };
		465B09AA2B7C840100952DD9 /* ToastView.swift */ = {isa = PBXFileReference; lastKnownFileType = sourcecode.swift; path = ToastView.swift; sourceTree = "<group>"; };
		465B09AC2B7C841B00952DD9 /* QrCodeView.swift */ = {isa = PBXFileReference; lastKnownFileType = sourcecode.swift; path = QrCodeView.swift; sourceTree = "<group>"; };
		465B09AE2B7C84C600952DD9 /* ShareSheet.swift */ = {isa = PBXFileReference; lastKnownFileType = sourcecode.swift; path = ShareSheet.swift; sourceTree = "<group>"; };
		465B09B02B7C85C000952DD9 /* ActivityViewModel.swift */ = {isa = PBXFileReference; lastKnownFileType = sourcecode.swift; path = ActivityViewModel.swift; sourceTree = "<group>"; };
		465B09B22B7D710A00952DD9 /* DocumentPicker.swift */ = {isa = PBXFileReference; lastKnownFileType = sourcecode.swift; path = DocumentPicker.swift; sourceTree = "<group>"; };
		467B2D652B7B51F700AEDF64 /* NavigationStackButtons.swift */ = {isa = PBXFileReference; lastKnownFileType = sourcecode.swift; path = NavigationStackButtons.swift; sourceTree = "<group>"; };
		D7347C252B74B82500887E57 /* LargeHeaderView.swift */ = {isa = PBXFileReference; lastKnownFileType = sourcecode.swift; path = LargeHeaderView.swift; sourceTree = "<group>"; };
		D7347C272B758B2E00887E57 /* ImportQRCode.swift */ = {isa = PBXFileReference; lastKnownFileType = sourcecode.swift; path = ImportQRCode.swift; sourceTree = "<group>"; };
		D7347C292B758BE100887E57 /* ImportFile.swift */ = {isa = PBXFileReference; lastKnownFileType = sourcecode.swift; path = ImportFile.swift; sourceTree = "<group>"; };
		D7347C2B2B758C6E00887E57 /* FileItem.swift */ = {isa = PBXFileReference; lastKnownFileType = sourcecode.swift; path = FileItem.swift; sourceTree = "<group>"; };
		D7347C2D2B759A0F00887E57 /* ProgressBottomBar.swift */ = {isa = PBXFileReference; lastKnownFileType = sourcecode.swift; path = ProgressBottomBar.swift; sourceTree = "<group>"; };
		D9AD8ED92B6722CC0009F8D5 /* ApplicationState.swift */ = {isa = PBXFileReference; lastKnownFileType = sourcecode.swift; name = ApplicationState.swift; path = voltixApp/Model/ApplicationState.swift; sourceTree = SOURCE_ROOT; };
		D9AD8EDB2B6723D10009F8D5 /* AppNavigationState.swift */ = {isa = PBXFileReference; lastKnownFileType = sourcecode.swift; name = AppNavigationState.swift; path = voltixApp/Model/AppNavigationState.swift; sourceTree = SOURCE_ROOT; };
		D9AD8EDD2B6730430009F8D5 /* WelcomeView.swift */ = {isa = PBXFileReference; lastKnownFileType = sourcecode.swift; name = WelcomeView.swift; path = VoltixApp/Views/WelcomeView.swift; sourceTree = SOURCE_ROOT; };
		D9AD8EDF2B6730640009F8D5 /* StartView.swift */ = {isa = PBXFileReference; lastKnownFileType = sourcecode.swift; name = StartView.swift; path = "VoltixApp/Views/New Wallet/StartView.swift"; sourceTree = SOURCE_ROOT; };
		D9AD8EE12B67307F0009F8D5 /* ImportWalletView.swift */ = {isa = PBXFileReference; lastKnownFileType = sourcecode.swift; name = ImportWalletView.swift; path = "VoltixApp/Views/New Wallet/ImportWalletView.swift"; sourceTree = SOURCE_ROOT; };
		D9AD8EE32B6730940009F8D5 /* NewWalletInstructionsView.swift */ = {isa = PBXFileReference; lastKnownFileType = sourcecode.swift; name = NewWalletInstructionsView.swift; path = "VoltixApp/Views/New Wallet/NewWalletInstructionsView.swift"; sourceTree = SOURCE_ROOT; };
		D9AD8EE52B6730A40009F8D5 /* PeerDiscoveryView.swift */ = {isa = PBXFileReference; lastKnownFileType = sourcecode.swift; name = PeerDiscoveryView.swift; path = "VoltixApp/Views/New Wallet/PeerDiscoveryView.swift"; sourceTree = SOURCE_ROOT; };
		D9AD8EE72B6730CA0009F8D5 /* FinishedTSSKeygenView.swift */ = {isa = PBXFileReference; lastKnownFileType = sourcecode.swift; name = FinishedTSSKeygenView.swift; path = "VoltixApp/Views/New Wallet/FinishedTSSKeygenView.swift"; sourceTree = SOURCE_ROOT; };
		D9AD8EE92B6730E30009F8D5 /* MenuView.swift */ = {isa = PBXFileReference; lastKnownFileType = sourcecode.swift; name = MenuView.swift; path = VoltixApp/Views/Vault/MenuView.swift; sourceTree = SOURCE_ROOT; };
		D9AD8EEB2B6730ED0009F8D5 /* VaultAssetsView.swift */ = {isa = PBXFileReference; lastKnownFileType = sourcecode.swift; name = VaultAssetsView.swift; path = VoltixApp/Views/Vault/VaultAssetsView.swift; sourceTree = SOURCE_ROOT; };
		D9AD8EF02B6731660009F8D5 /* SendInputDetailsView.swift */ = {isa = PBXFileReference; lastKnownFileType = sourcecode.swift; name = SendInputDetailsView.swift; path = voltixApp/Views/Send/SendInputDetailsView.swift; sourceTree = SOURCE_ROOT; };
		D9AD8EF22B67317C0009F8D5 /* SendPeerDiscoveryView.swift */ = {isa = PBXFileReference; lastKnownFileType = sourcecode.swift; name = SendPeerDiscoveryView.swift; path = voltixApp/Views/Send/SendPeerDiscoveryView.swift; sourceTree = SOURCE_ROOT; };
		D9AD8EF42B6731A00009F8D5 /* SendWaitingForPeersView.swift */ = {isa = PBXFileReference; lastKnownFileType = sourcecode.swift; name = SendWaitingForPeersView.swift; path = voltixApp/Views/Send/SendWaitingForPeersView.swift; sourceTree = SOURCE_ROOT; };
		D9AD8EF62B6731B30009F8D5 /* SendVerifyView.swift */ = {isa = PBXFileReference; lastKnownFileType = sourcecode.swift; name = SendVerifyView.swift; path = voltixApp/Views/Send/SendVerifyView.swift; sourceTree = SOURCE_ROOT; };
		D9AD8EF82B6731C50009F8D5 /* SendDoneView.swift */ = {isa = PBXFileReference; lastKnownFileType = sourcecode.swift; name = SendDoneView.swift; path = voltixApp/Views/Send/SendDoneView.swift; sourceTree = SOURCE_ROOT; };
		D9AD8EFA2B6731E50009F8D5 /* SwapInputDetailsView.swift */ = {isa = PBXFileReference; lastKnownFileType = sourcecode.swift; name = SwapInputDetailsView.swift; path = voltixApp/Views/Swap/SwapInputDetailsView.swift; sourceTree = SOURCE_ROOT; };
		D9AD8EFC2B6732070009F8D5 /* SwapPeerDiscoveryView.swift */ = {isa = PBXFileReference; lastKnownFileType = sourcecode.swift; name = SwapPeerDiscoveryView.swift; path = voltixApp/Views/Swap/SwapPeerDiscoveryView.swift; sourceTree = SOURCE_ROOT; };
		D9AD8EFE2B67321D0009F8D5 /* SwapWaitingForPeersView.swift */ = {isa = PBXFileReference; lastKnownFileType = sourcecode.swift; name = SwapWaitingForPeersView.swift; path = voltixApp/Views/Swap/SwapWaitingForPeersView.swift; sourceTree = SOURCE_ROOT; };
		D9AD8F002B6732360009F8D5 /* SwapVerifyView.swift */ = {isa = PBXFileReference; lastKnownFileType = sourcecode.swift; name = SwapVerifyView.swift; path = voltixApp/Views/Swap/SwapVerifyView.swift; sourceTree = SOURCE_ROOT; };
		D9AD8F022B6732450009F8D5 /* SwapDoneView.swift */ = {isa = PBXFileReference; lastKnownFileType = sourcecode.swift; name = SwapDoneView.swift; path = voltixApp/Views/Swap/SwapDoneView.swift; sourceTree = SOURCE_ROOT; };
		D9AD8F052B675E360009F8D5 /* VaultAssetDetailView.swift */ = {isa = PBXFileReference; lastKnownFileType = sourcecode.swift; name = VaultAssetDetailView.swift; path = voltixApp/Views/Vault/VaultAssetDetailView.swift; sourceTree = SOURCE_ROOT; };
		D9AD8F072B675ECD0009F8D5 /* SupportedAssets.swift */ = {isa = PBXFileReference; lastKnownFileType = sourcecode.swift; name = SupportedAssets.swift; path = voltixApp/Model/SupportedAssets.swift; sourceTree = SOURCE_ROOT; };
		DE1572942B70F254009BC7C5 /* TssMessenger.swift */ = {isa = PBXFileReference; fileEncoding = 4; lastKnownFileType = sourcecode.swift; path = TssMessenger.swift; sourceTree = "<group>"; };
		DE1572952B70F254009BC7C5 /* LocalStateAccessorImp.swift */ = {isa = PBXFileReference; fileEncoding = 4; lastKnownFileType = sourcecode.swift; path = LocalStateAccessorImp.swift; sourceTree = "<group>"; };
		DE1572982B70F26A009BC7C5 /* KeyType.swift */ = {isa = PBXFileReference; fileEncoding = 4; lastKnownFileType = sourcecode.swift; path = KeyType.swift; sourceTree = "<group>"; };
		DE15729B2B70F284009BC7C5 /* JoinKeysignView.swift */ = {isa = PBXFileReference; fileEncoding = 4; lastKnownFileType = sourcecode.swift; path = JoinKeysignView.swift; sourceTree = "<group>"; };
		DE15729C2B70F284009BC7C5 /* KeysignDiscoveryView.swift */ = {isa = PBXFileReference; fileEncoding = 4; lastKnownFileType = sourcecode.swift; path = KeysignDiscoveryView.swift; sourceTree = "<group>"; };
		DE15729D2B70F284009BC7C5 /* Keysign.swift */ = {isa = PBXFileReference; fileEncoding = 4; lastKnownFileType = sourcecode.swift; path = Keysign.swift; sourceTree = "<group>"; };
		DE1572A12B70F873009BC7C5 /* Tss.xcframework */ = {isa = PBXFileReference; lastKnownFileType = wrapper.xcframework; path = Tss.xcframework; sourceTree = "<group>"; };
		DE1572AB2B7174D3009BC7C5 /* Utils.swift */ = {isa = PBXFileReference; lastKnownFileType = sourcecode.swift; path = Utils.swift; sourceTree = "<group>"; };
		DE1572AD2B7205F0009BC7C5 /* KeysignTestView.swift */ = {isa = PBXFileReference; lastKnownFileType = sourcecode.swift; path = KeysignTestView.swift; sourceTree = "<group>"; };
		DE28F52B2B7B0D6500E33058 /* WalletCore */ = {isa = PBXFileReference; lastKnownFileType = wrapper; name = WalletCore; path = ../WalletCore; sourceTree = "<group>"; };
		DE28F52D2B7B0E7400E33058 /* bitcoin.swift */ = {isa = PBXFileReference; lastKnownFileType = sourcecode.swift; path = bitcoin.swift; sourceTree = "<group>"; };
		DE491CEE2B708260007C88D5 /* KeygenView.swift */ = {isa = PBXFileReference; fileEncoding = 4; lastKnownFileType = sourcecode.swift; path = KeygenView.swift; sourceTree = "<group>"; };
		DE49A1632B65F6D9000F3AFB /* VoltixApp.app */ = {isa = PBXFileReference; explicitFileType = wrapper.application; includeInIndex = 0; path = VoltixApp.app; sourceTree = BUILT_PRODUCTS_DIR; };
		DE49A1662B65F6D9000F3AFB /* VoltixApp.swift */ = {isa = PBXFileReference; lastKnownFileType = sourcecode.swift; path = VoltixApp.swift; sourceTree = "<group>"; };
		DE49A1682B65F6D9000F3AFB /* MainNavigationStack.swift */ = {isa = PBXFileReference; lastKnownFileType = sourcecode.swift; path = MainNavigationStack.swift; sourceTree = "<group>"; };
		DE49A16C2B65F6DB000F3AFB /* Assets.xcassets */ = {isa = PBXFileReference; lastKnownFileType = folder.assetcatalog; path = Assets.xcassets; sourceTree = "<group>"; };
		DE49A16E2B65F6DB000F3AFB /* voltixApp.entitlements */ = {isa = PBXFileReference; lastKnownFileType = text.plist.entitlements; path = voltixApp.entitlements; sourceTree = "<group>"; };
		DE49A1702B65F6DB000F3AFB /* Preview Assets.xcassets */ = {isa = PBXFileReference; lastKnownFileType = folder.assetcatalog; path = "Preview Assets.xcassets"; sourceTree = "<group>"; };
		DE49A1762B65F6DB000F3AFB /* VoltixAppTests.xctest */ = {isa = PBXFileReference; explicitFileType = wrapper.cfbundle; includeInIndex = 0; path = VoltixAppTests.xctest; sourceTree = BUILT_PRODUCTS_DIR; };
		DE49A17A2B65F6DB000F3AFB /* voltixAppTests.swift */ = {isa = PBXFileReference; lastKnownFileType = sourcecode.swift; path = voltixAppTests.swift; sourceTree = "<group>"; };
		DE49A1802B65F6DB000F3AFB /* VoltixAppUITests.xctest */ = {isa = PBXFileReference; explicitFileType = wrapper.cfbundle; includeInIndex = 0; path = VoltixAppUITests.xctest; sourceTree = BUILT_PRODUCTS_DIR; };
		DE49A1842B65F6DB000F3AFB /* voltixAppUITests.swift */ = {isa = PBXFileReference; lastKnownFileType = sourcecode.swift; path = voltixAppUITests.swift; sourceTree = "<group>"; };
		DE49A1862B65F6DB000F3AFB /* voltixAppUITestsLaunchTests.swift */ = {isa = PBXFileReference; lastKnownFileType = sourcecode.swift; path = voltixAppUITestsLaunchTests.swift; sourceTree = "<group>"; };
		DE49A1932B65F7B6000F3AFB /* Mediator */ = {isa = PBXFileReference; lastKnownFileType = wrapper; name = Mediator; path = ../Mediator; sourceTree = "<group>"; };
		DE49A19B2B67133D000F3AFB /* Vault.swift */ = {isa = PBXFileReference; lastKnownFileType = sourcecode.swift; path = Vault.swift; sourceTree = "<group>"; };
		DE49A19D2B671416000F3AFB /* Coin.swift */ = {isa = PBXFileReference; lastKnownFileType = sourcecode.swift; path = Coin.swift; sourceTree = "<group>"; };
		DE49A19F2B67143B000F3AFB /* Chain.swift */ = {isa = PBXFileReference; lastKnownFileType = sourcecode.swift; path = Chain.swift; sourceTree = "<group>"; };
		DE49A1A22B67158A000F3AFB /* UIKit.framework */ = {isa = PBXFileReference; lastKnownFileType = wrapper.framework; name = UIKit.framework; path = Platforms/iPhoneOS.platform/Developer/SDKs/iPhoneOS17.2.sdk/System/Library/Frameworks/UIKit.framework; sourceTree = DEVELOPER_DIR; };
		DE49A1A42B68BB6B000F3AFB /* VaultSelectionView.swift */ = {isa = PBXFileReference; lastKnownFileType = sourcecode.swift; path = VaultSelectionView.swift; sourceTree = "<group>"; };
		DE49A1B12B6A0F77000F3AFB /* JoinKeygenView.swift */ = {isa = PBXFileReference; lastKnownFileType = sourcecode.swift; path = JoinKeygenView.swift; sourceTree = "<group>"; };
		DE49A1B62B6A1222000F3AFB /* Info.plist */ = {isa = PBXFileReference; lastKnownFileType = text.plist; path = Info.plist; sourceTree = "<group>"; };
		DE4DFA7A2B7B1692004F8E73 /* ModelContainerPreview.swift */ = {isa = PBXFileReference; fileEncoding = 4; lastKnownFileType = sourcecode.swift; path = ModelContainerPreview.swift; sourceTree = "<group>"; };
/* End PBXFileReference section */

/* Begin PBXFrameworksBuildPhase section */
		DE49A1602B65F6D9000F3AFB /* Frameworks */ = {
			isa = PBXFrameworksBuildPhase;
			buildActionMask = 2147483647;
			files = (
				DE28F5312B7B0FE900E33058 /* WalletCore in Frameworks */,
				DE1572A22B70F873009BC7C5 /* Tss.xcframework in Frameworks */,
				DE49A19A2B660D8D000F3AFB /* Mediator in Frameworks */,
				4600167E2B71A12D00CE17C7 /* Tss.xcframework in Frameworks */,
				D9A22EB72B667C41007281BF /* Mediator in Frameworks */,
				DE28F5332B7B0FED00E33058 /* SwiftProtobuf in Frameworks */,
				DE49A1B52B6A1088000F3AFB /* CodeScanner in Frameworks */,
			);
			runOnlyForDeploymentPostprocessing = 0;
		};
		DE49A1732B65F6DB000F3AFB /* Frameworks */ = {
			isa = PBXFrameworksBuildPhase;
			buildActionMask = 2147483647;
			files = (
			);
			runOnlyForDeploymentPostprocessing = 0;
		};
		DE49A17D2B65F6DB000F3AFB /* Frameworks */ = {
			isa = PBXFrameworksBuildPhase;
			buildActionMask = 2147483647;
			files = (
			);
			runOnlyForDeploymentPostprocessing = 0;
		};
/* End PBXFrameworksBuildPhase section */

/* Begin PBXGroup section */
		049BBB4E2B71E37B004C231F /* Components */ = {
			isa = PBXGroup;
			children = (
				049BBB4F2B71E39B004C231F /* AddressItem.swift */,
				049BBB512B71E498004C231F /* AssetsView.swift */,
				049BBB532B71E4F8004C231F /* BottomBar.swift */,
				049BBB552B71E5F5004C231F /* Choose.swift */,
				049BBB572B71E72F004C231F /* DeviceView.swift */,
				049BBB592B71E785004C231F /* HeaderView.swift */,
				049BBB5B2B71E7F6004C231F /* LargeButton.swift */,
				049BBB5D2B71E83D004C231F /* Logo.swift */,
				049BBB5F2B71E8A2004C231F /* MenuItem.swift */,
				049BBB612B71E8E7004C231F /* AssetItem.swift */,
				049BBB632B71E926004C231F /* RadioButtonGroup.swift */,
				049BBB652B71E987004C231F /* VaultItem.swift */,
				049BBB672B71E9C5004C231F /* WifiBar.swift */,
				D7347C252B74B82500887E57 /* LargeHeaderView.swift */,
				D7347C2B2B758C6E00887E57 /* FileItem.swift */,
				D7347C2D2B759A0F00887E57 /* ProgressBottomBar.swift */,
				467B2D652B7B51F700AEDF64 /* NavigationStackButtons.swift */,
				465B09AA2B7C840100952DD9 /* ToastView.swift */,
				465B09AC2B7C841B00952DD9 /* QrCodeView.swift */,
				465B09AE2B7C84C600952DD9 /* ShareSheet.swift */,
				465B09B22B7D710A00952DD9 /* DocumentPicker.swift */,
			);
			path = Components;
			sourceTree = "<group>";
		};
		465B09A52B7C048000952DD9 /* ViewModel */ = {
			isa = PBXGroup;
			children = (
				465B09A62B7C049400952DD9 /* UnspentOutputsViewModel.swift */,
				465B09A82B7C176700952DD9 /* TransactionDetailsViewModel.swift */,
				465B09B02B7C85C000952DD9 /* ActivityViewModel.swift */,
			);
			path = ViewModel;
			sourceTree = "<group>";
		};
		D7347C222B74717F00887E57 /* Recovered References */ = {
			isa = PBXGroup;
			children = (
				4600167D2B71A12D00CE17C7 /* Tss.xcframework */,
			);
			name = "Recovered References";
			sourceTree = "<group>";
		};
		D9AD8ED72B67225F0009F8D5 /* Views */ = {
			isa = PBXGroup;
			children = (
				465B09A52B7C048000952DD9 /* ViewModel */,
				049BBB4E2B71E37B004C231F /* Components */,
				DE15729A2B70F284009BC7C5 /* Keysign */,
				D9AD8EDD2B6730430009F8D5 /* WelcomeView.swift */,
				DE49A1682B65F6D9000F3AFB /* MainNavigationStack.swift */,
				D9AD8F042B675E230009F8D5 /* Vault */,
				D9AD8EED2B6731290009F8D5 /* New Wallet */,
				D9AD8EEF2B6731570009F8D5 /* Swap */,
				D9AD8EEE2B6731480009F8D5 /* Send */,
			);
			path = Views;
			sourceTree = "<group>";
		};
		D9AD8ED82B6722AC0009F8D5 /* Model */ = {
			isa = PBXGroup;
			children = (
				465B09A32B7C01CC00952DD9 /* WalletUnspentOutput.swift */,
				DE1572982B70F26A009BC7C5 /* KeyType.swift */,
				DE49A19B2B67133D000F3AFB /* Vault.swift */,
				DE49A19F2B67143B000F3AFB /* Chain.swift */,
				DE49A19D2B671416000F3AFB /* Coin.swift */,
				D9AD8ED92B6722CC0009F8D5 /* ApplicationState.swift */,
				D9AD8EDB2B6723D10009F8D5 /* AppNavigationState.swift */,
				D9AD8F072B675ECD0009F8D5 /* SupportedAssets.swift */,
			);
			path = Model;
			sourceTree = "<group>";
		};
		D9AD8EED2B6731290009F8D5 /* New Wallet */ = {
			isa = PBXGroup;
			children = (
				DE491CEE2B708260007C88D5 /* KeygenView.swift */,
				D9AD8EDF2B6730640009F8D5 /* StartView.swift */,
				D9AD8EE12B67307F0009F8D5 /* ImportWalletView.swift */,
				D9AD8EE32B6730940009F8D5 /* NewWalletInstructionsView.swift */,
				D9AD8EE52B6730A40009F8D5 /* PeerDiscoveryView.swift */,
				D9AD8EE72B6730CA0009F8D5 /* FinishedTSSKeygenView.swift */,
				DE49A1B12B6A0F77000F3AFB /* JoinKeygenView.swift */,
				D7347C272B758B2E00887E57 /* ImportQRCode.swift */,
				D7347C292B758BE100887E57 /* ImportFile.swift */,
			);
			path = "New Wallet";
			sourceTree = "<group>";
		};
		D9AD8EEE2B6731480009F8D5 /* Send */ = {
			isa = PBXGroup;
			children = (
				D9AD8EF02B6731660009F8D5 /* SendInputDetailsView.swift */,
				D9AD8EF22B67317C0009F8D5 /* SendPeerDiscoveryView.swift */,
				D9AD8EF42B6731A00009F8D5 /* SendWaitingForPeersView.swift */,
				D9AD8EF62B6731B30009F8D5 /* SendVerifyView.swift */,
				D9AD8EF82B6731C50009F8D5 /* SendDoneView.swift */,
			);
			path = Send;
			sourceTree = "<group>";
		};
		D9AD8EEF2B6731570009F8D5 /* Swap */ = {
			isa = PBXGroup;
			children = (
				D9AD8EFA2B6731E50009F8D5 /* SwapInputDetailsView.swift */,
				D9AD8EFC2B6732070009F8D5 /* SwapPeerDiscoveryView.swift */,
				D9AD8EFE2B67321D0009F8D5 /* SwapWaitingForPeersView.swift */,
				D9AD8F002B6732360009F8D5 /* SwapVerifyView.swift */,
				D9AD8F022B6732450009F8D5 /* SwapDoneView.swift */,
			);
			path = Swap;
			sourceTree = "<group>";
		};
		D9AD8F042B675E230009F8D5 /* Vault */ = {
			isa = PBXGroup;
			children = (
				D9AD8EEB2B6730ED0009F8D5 /* VaultAssetsView.swift */,
				D9AD8F052B675E360009F8D5 /* VaultAssetDetailView.swift */,
				D9AD8EE92B6730E30009F8D5 /* MenuView.swift */,
				DE49A1A42B68BB6B000F3AFB /* VaultSelectionView.swift */,
				DE1572AD2B7205F0009BC7C5 /* KeysignTestView.swift */,
			);
			path = Vault;
			sourceTree = "<group>";
		};
		DE1572932B70F254009BC7C5 /* Tss */ = {
			isa = PBXGroup;
			children = (
				DE1572942B70F254009BC7C5 /* TssMessenger.swift */,
				DE1572952B70F254009BC7C5 /* LocalStateAccessorImp.swift */,
			);
			path = Tss;
			sourceTree = "<group>";
		};
		DE15729A2B70F284009BC7C5 /* Keysign */ = {
			isa = PBXGroup;
			children = (
				DE15729B2B70F284009BC7C5 /* JoinKeysignView.swift */,
				DE15729C2B70F284009BC7C5 /* KeysignDiscoveryView.swift */,
				DE15729D2B70F284009BC7C5 /* Keysign.swift */,
			);
			path = Keysign;
			sourceTree = "<group>";
		};
		DE1572AA2B7174C5009BC7C5 /* util */ = {
			isa = PBXGroup;
			children = (
				DE1572AB2B7174D3009BC7C5 /* Utils.swift */,
			);
			path = util;
			sourceTree = "<group>";
		};
		DE28F52C2B7B0E6200E33058 /* chains */ = {
			isa = PBXGroup;
			children = (
				DE28F52D2B7B0E7400E33058 /* bitcoin.swift */,
			);
			path = chains;
			sourceTree = "<group>";
		};
		DE49A15A2B65F6D9000F3AFB = {
			isa = PBXGroup;
			children = (
				DE28F52B2B7B0D6500E33058 /* WalletCore */,
				DE1572A12B70F873009BC7C5 /* Tss.xcframework */,
				DE49A1932B65F7B6000F3AFB /* Mediator */,
				DE49A1652B65F6D9000F3AFB /* VoltixApp */,
				DE49A1792B65F6DB000F3AFB /* voltixAppTests */,
				DE49A1832B65F6DB000F3AFB /* voltixAppUITests */,
				DE49A1642B65F6D9000F3AFB /* Products */,
				DE49A1A12B67158A000F3AFB /* Frameworks */,
				D7347C222B74717F00887E57 /* Recovered References */,
			);
			sourceTree = "<group>";
		};
		DE49A1642B65F6D9000F3AFB /* Products */ = {
			isa = PBXGroup;
			children = (
				DE49A1632B65F6D9000F3AFB /* VoltixApp.app */,
				DE49A1762B65F6DB000F3AFB /* VoltixAppTests.xctest */,
				DE49A1802B65F6DB000F3AFB /* VoltixAppUITests.xctest */,
			);
			name = Products;
			sourceTree = "<group>";
		};
		DE49A1652B65F6D9000F3AFB /* VoltixApp */ = {
			isa = PBXGroup;
			children = (
				DE28F52C2B7B0E6200E33058 /* chains */,
				DE1572AA2B7174C5009BC7C5 /* util */,
				DE1572932B70F254009BC7C5 /* Tss */,
				DE49A1B62B6A1222000F3AFB /* Info.plist */,
				DE49A1A62B68C1EE000F3AFB /* PreviewHelper */,
				DE49A1662B65F6D9000F3AFB /* VoltixApp.swift */,
				D9AD8ED82B6722AC0009F8D5 /* Model */,
				D9AD8ED72B67225F0009F8D5 /* Views */,
				DE49A16C2B65F6DB000F3AFB /* Assets.xcassets */,
				DE49A16E2B65F6DB000F3AFB /* voltixApp.entitlements */,
				DE49A16F2B65F6DB000F3AFB /* Preview Content */,
			);
			path = VoltixApp;
			sourceTree = "<group>";
		};
		DE49A16F2B65F6DB000F3AFB /* Preview Content */ = {
			isa = PBXGroup;
			children = (
				DE49A1702B65F6DB000F3AFB /* Preview Assets.xcassets */,
			);
			path = "Preview Content";
			sourceTree = "<group>";
		};
		DE49A1792B65F6DB000F3AFB /* voltixAppTests */ = {
			isa = PBXGroup;
			children = (
				DE49A17A2B65F6DB000F3AFB /* voltixAppTests.swift */,
			);
			path = voltixAppTests;
			sourceTree = "<group>";
		};
		DE49A1832B65F6DB000F3AFB /* voltixAppUITests */ = {
			isa = PBXGroup;
			children = (
				DE49A1842B65F6DB000F3AFB /* voltixAppUITests.swift */,
				DE49A1862B65F6DB000F3AFB /* voltixAppUITestsLaunchTests.swift */,
			);
			path = voltixAppUITests;
			sourceTree = "<group>";
		};
		DE49A1A12B67158A000F3AFB /* Frameworks */ = {
			isa = PBXGroup;
			children = (
				DE49A1A22B67158A000F3AFB /* UIKit.framework */,
			);
			name = Frameworks;
			sourceTree = "<group>";
		};
		DE49A1A62B68C1EE000F3AFB /* PreviewHelper */ = {
			isa = PBXGroup;
			children = (
				DE4DFA7A2B7B1692004F8E73 /* ModelContainerPreview.swift */,
			);
			path = PreviewHelper;
			sourceTree = "<group>";
		};
/* End PBXGroup section */

/* Begin PBXNativeTarget section */
		DE49A1622B65F6D9000F3AFB /* VoltixApp */ = {
			isa = PBXNativeTarget;
			buildConfigurationList = DE49A18A2B65F6DB000F3AFB /* Build configuration list for PBXNativeTarget "VoltixApp" */;
			buildPhases = (
				DE49A15F2B65F6D9000F3AFB /* Sources */,
				DE49A1602B65F6D9000F3AFB /* Frameworks */,
				DE49A1612B65F6D9000F3AFB /* Resources */,
			);
			buildRules = (
			);
			dependencies = (
			);
			name = VoltixApp;
			packageProductDependencies = (
				DE49A1992B660D8D000F3AFB /* Mediator */,
				D9A22EB62B667C41007281BF /* Mediator */,
				DE49A1B42B6A1088000F3AFB /* CodeScanner */,
				DE28F5302B7B0FE900E33058 /* WalletCore */,
				DE28F5322B7B0FED00E33058 /* SwiftProtobuf */,
			);
			productName = voltixApp;
			productReference = DE49A1632B65F6D9000F3AFB /* VoltixApp.app */;
			productType = "com.apple.product-type.application";
		};
		DE49A1752B65F6DB000F3AFB /* VoltixAppTests */ = {
			isa = PBXNativeTarget;
			buildConfigurationList = DE49A18D2B65F6DB000F3AFB /* Build configuration list for PBXNativeTarget "VoltixAppTests" */;
			buildPhases = (
				DE49A1722B65F6DB000F3AFB /* Sources */,
				DE49A1732B65F6DB000F3AFB /* Frameworks */,
				DE49A1742B65F6DB000F3AFB /* Resources */,
			);
			buildRules = (
			);
			dependencies = (
				DE49A1782B65F6DB000F3AFB /* PBXTargetDependency */,
			);
			name = VoltixAppTests;
			productName = voltixAppTests;
			productReference = DE49A1762B65F6DB000F3AFB /* VoltixAppTests.xctest */;
			productType = "com.apple.product-type.bundle.unit-test";
		};
		DE49A17F2B65F6DB000F3AFB /* VoltixAppUITests */ = {
			isa = PBXNativeTarget;
			buildConfigurationList = DE49A1902B65F6DB000F3AFB /* Build configuration list for PBXNativeTarget "VoltixAppUITests" */;
			buildPhases = (
				DE49A17C2B65F6DB000F3AFB /* Sources */,
				DE49A17D2B65F6DB000F3AFB /* Frameworks */,
				DE49A17E2B65F6DB000F3AFB /* Resources */,
			);
			buildRules = (
			);
			dependencies = (
				DE49A1822B65F6DB000F3AFB /* PBXTargetDependency */,
			);
			name = VoltixAppUITests;
			productName = voltixAppUITests;
			productReference = DE49A1802B65F6DB000F3AFB /* VoltixAppUITests.xctest */;
			productType = "com.apple.product-type.bundle.ui-testing";
		};
/* End PBXNativeTarget section */

/* Begin PBXProject section */
		DE49A15B2B65F6D9000F3AFB /* Project object */ = {
			isa = PBXProject;
			attributes = {
				BuildIndependentTargetsInParallel = 1;
				LastSwiftUpdateCheck = 1520;
				LastUpgradeCheck = 1520;
				TargetAttributes = {
					DE49A1622B65F6D9000F3AFB = {
						CreatedOnToolsVersion = 15.2;
					};
					DE49A1752B65F6DB000F3AFB = {
						CreatedOnToolsVersion = 15.2;
						TestTargetID = DE49A1622B65F6D9000F3AFB;
					};
					DE49A17F2B65F6DB000F3AFB = {
						CreatedOnToolsVersion = 15.2;
						TestTargetID = DE49A1622B65F6D9000F3AFB;
					};
				};
			};
			buildConfigurationList = DE49A15E2B65F6D9000F3AFB /* Build configuration list for PBXProject "VoltixApp" */;
			compatibilityVersion = "Xcode 14.0";
			developmentRegion = en;
			hasScannedForEncodings = 0;
			knownRegions = (
				en,
				Base,
			);
			mainGroup = DE49A15A2B65F6D9000F3AFB;
			packageReferences = (
				D9A22EB52B667C41007281BF /* XCLocalSwiftPackageReference "../Mediator" */,
				DE49A1B32B6A1088000F3AFB /* XCRemoteSwiftPackageReference "CodeScanner" */,
				DE28F52F2B7B0F6A00E33058 /* XCLocalSwiftPackageReference "../WalletCore" */,
			);
			productRefGroup = DE49A1642B65F6D9000F3AFB /* Products */;
			projectDirPath = "";
			projectRoot = "";
			targets = (
				DE49A1622B65F6D9000F3AFB /* VoltixApp */,
				DE49A1752B65F6DB000F3AFB /* VoltixAppTests */,
				DE49A17F2B65F6DB000F3AFB /* VoltixAppUITests */,
			);
		};
/* End PBXProject section */

/* Begin PBXResourcesBuildPhase section */
		DE49A1612B65F6D9000F3AFB /* Resources */ = {
			isa = PBXResourcesBuildPhase;
			buildActionMask = 2147483647;
			files = (
				DE49A1712B65F6DB000F3AFB /* Preview Assets.xcassets in Resources */,
				DE49A1942B65F7B6000F3AFB /* Mediator in Resources */,
				DE49A16D2B65F6DB000F3AFB /* Assets.xcassets in Resources */,
			);
			runOnlyForDeploymentPostprocessing = 0;
		};
		DE49A1742B65F6DB000F3AFB /* Resources */ = {
			isa = PBXResourcesBuildPhase;
			buildActionMask = 2147483647;
			files = (
			);
			runOnlyForDeploymentPostprocessing = 0;
		};
		DE49A17E2B65F6DB000F3AFB /* Resources */ = {
			isa = PBXResourcesBuildPhase;
			buildActionMask = 2147483647;
			files = (
			);
			runOnlyForDeploymentPostprocessing = 0;
		};
/* End PBXResourcesBuildPhase section */

/* Begin PBXSourcesBuildPhase section */
		DE49A15F2B65F6D9000F3AFB /* Sources */ = {
			isa = PBXSourcesBuildPhase;
			buildActionMask = 2147483647;
			files = (
				DE4DFA7B2B7B1692004F8E73 /* ModelContainerPreview.swift in Sources */,
				049BBB662B71E987004C231F /* VaultItem.swift in Sources */,
				049BBB5E2B71E83D004C231F /* Logo.swift in Sources */,
				DE1572A02B70F284009BC7C5 /* Keysign.swift in Sources */,
				465B09AD2B7C841B00952DD9 /* QrCodeView.swift in Sources */,
				D7347C2C2B758C6E00887E57 /* FileItem.swift in Sources */,
				465B09B32B7D710A00952DD9 /* DocumentPicker.swift in Sources */,
				DE1572992B70F26A009BC7C5 /* KeyType.swift in Sources */,
				465B09A72B7C049400952DD9 /* UnspentOutputsViewModel.swift in Sources */,
				D9AD8EF92B6731C50009F8D5 /* SendDoneView.swift in Sources */,
				049BBB642B71E926004C231F /* RadioButtonGroup.swift in Sources */,
				049BBB582B71E72F004C231F /* DeviceView.swift in Sources */,
				D9AD8EF12B6731660009F8D5 /* SendInputDetailsView.swift in Sources */,
				D9AD8F012B6732360009F8D5 /* SwapVerifyView.swift in Sources */,
				049BBB682B71E9C5004C231F /* WifiBar.swift in Sources */,
				049BBB5A2B71E785004C231F /* HeaderView.swift in Sources */,
				D9AD8EFB2B6731E50009F8D5 /* SwapInputDetailsView.swift in Sources */,
				D7347C2A2B758BE100887E57 /* ImportFile.swift in Sources */,
				049BBB5C2B71E7F6004C231F /* LargeButton.swift in Sources */,
				D9AD8EE82B6730CA0009F8D5 /* FinishedTSSKeygenView.swift in Sources */,
				DE49A1A52B68BB6B000F3AFB /* VaultSelectionView.swift in Sources */,
				D9AD8EE02B6730640009F8D5 /* StartView.swift in Sources */,
				049BBB542B71E4F8004C231F /* BottomBar.swift in Sources */,
				D9AD8EE22B67307F0009F8D5 /* ImportWalletView.swift in Sources */,
				D9AD8F032B6732450009F8D5 /* SwapDoneView.swift in Sources */,
				D9AD8EF72B6731B30009F8D5 /* SendVerifyView.swift in Sources */,
				D9AD8EF52B6731A00009F8D5 /* SendWaitingForPeersView.swift in Sources */,
				DE1572972B70F254009BC7C5 /* LocalStateAccessorImp.swift in Sources */,
				DE15729F2B70F284009BC7C5 /* KeysignDiscoveryView.swift in Sources */,
				D9AD8EDC2B6723D10009F8D5 /* AppNavigationState.swift in Sources */,
				465B09B12B7C85C000952DD9 /* ActivityViewModel.swift in Sources */,
				DE1572AC2B7174D3009BC7C5 /* Utils.swift in Sources */,
				D9AD8EF32B67317C0009F8D5 /* SendPeerDiscoveryView.swift in Sources */,
				465B09AF2B7C84C600952DD9 /* ShareSheet.swift in Sources */,
				049BBB562B71E5F5004C231F /* Choose.swift in Sources */,
				D7347C2E2B759A0F00887E57 /* ProgressBottomBar.swift in Sources */,
				D9AD8EDA2B6722CC0009F8D5 /* ApplicationState.swift in Sources */,
				D7347C282B758B2E00887E57 /* ImportQRCode.swift in Sources */,
				D9AD8EFF2B67321D0009F8D5 /* SwapWaitingForPeersView.swift in Sources */,
				DE1572962B70F254009BC7C5 /* TssMessenger.swift in Sources */,
				DE491CEF2B708260007C88D5 /* KeygenView.swift in Sources */,
				DE49A1692B65F6D9000F3AFB /* MainNavigationStack.swift in Sources */,
				D9AD8F082B675ECD0009F8D5 /* SupportedAssets.swift in Sources */,
				DE49A1B22B6A0F77000F3AFB /* JoinKeygenView.swift in Sources */,
				DE15729E2B70F284009BC7C5 /* JoinKeysignView.swift in Sources */,
				D9AD8EEC2B6730ED0009F8D5 /* VaultAssetsView.swift in Sources */,
				D9AD8EDE2B6730430009F8D5 /* WelcomeView.swift in Sources */,
				465B09AB2B7C840100952DD9 /* ToastView.swift in Sources */,
				049BBB622B71E8E7004C231F /* AssetItem.swift in Sources */,
				D9AD8EEA2B6730E30009F8D5 /* MenuView.swift in Sources */,
				049BBB602B71E8A2004C231F /* MenuItem.swift in Sources */,
				049BBB522B71E498004C231F /* AssetsView.swift in Sources */,
				D9AD8EE42B6730940009F8D5 /* NewWalletInstructionsView.swift in Sources */,
				DE28F52E2B7B0E7400E33058 /* bitcoin.swift in Sources */,
				D9AD8EFD2B6732070009F8D5 /* SwapPeerDiscoveryView.swift in Sources */,
				467B2D662B7B51F700AEDF64 /* NavigationStackButtons.swift in Sources */,
				D7347C262B74B82500887E57 /* LargeHeaderView.swift in Sources */,
				DE49A19C2B67133D000F3AFB /* Vault.swift in Sources */,
				D9AD8F062B675E360009F8D5 /* VaultAssetDetailView.swift in Sources */,
				DE49A1A02B67143B000F3AFB /* Chain.swift in Sources */,
				049BBB502B71E39B004C231F /* AddressItem.swift in Sources */,
				465B09A92B7C176700952DD9 /* TransactionDetailsViewModel.swift in Sources */,
				DE1572AE2B7205F0009BC7C5 /* KeysignTestView.swift in Sources */,
				D9AD8EE62B6730A40009F8D5 /* PeerDiscoveryView.swift in Sources */,
				DE49A19E2B671416000F3AFB /* Coin.swift in Sources */,
				DE49A1672B65F6D9000F3AFB /* VoltixApp.swift in Sources */,
				465B09A42B7C01CC00952DD9 /* WalletUnspentOutput.swift in Sources */,
			);
			runOnlyForDeploymentPostprocessing = 0;
		};
		DE49A1722B65F6DB000F3AFB /* Sources */ = {
			isa = PBXSourcesBuildPhase;
			buildActionMask = 2147483647;
			files = (
				DE49A17B2B65F6DB000F3AFB /* voltixAppTests.swift in Sources */,
			);
			runOnlyForDeploymentPostprocessing = 0;
		};
		DE49A17C2B65F6DB000F3AFB /* Sources */ = {
			isa = PBXSourcesBuildPhase;
			buildActionMask = 2147483647;
			files = (
				DE49A1872B65F6DB000F3AFB /* voltixAppUITestsLaunchTests.swift in Sources */,
				DE49A1852B65F6DB000F3AFB /* voltixAppUITests.swift in Sources */,
			);
			runOnlyForDeploymentPostprocessing = 0;
		};
/* End PBXSourcesBuildPhase section */

/* Begin PBXTargetDependency section */
		DE49A1782B65F6DB000F3AFB /* PBXTargetDependency */ = {
			isa = PBXTargetDependency;
			target = DE49A1622B65F6D9000F3AFB /* VoltixApp */;
			targetProxy = DE49A1772B65F6DB000F3AFB /* PBXContainerItemProxy */;
		};
		DE49A1822B65F6DB000F3AFB /* PBXTargetDependency */ = {
			isa = PBXTargetDependency;
			target = DE49A1622B65F6D9000F3AFB /* VoltixApp */;
			targetProxy = DE49A1812B65F6DB000F3AFB /* PBXContainerItemProxy */;
		};
/* End PBXTargetDependency section */

/* Begin XCBuildConfiguration section */
		DE49A1882B65F6DB000F3AFB /* Debug */ = {
			isa = XCBuildConfiguration;
			buildSettings = {
				ALWAYS_SEARCH_USER_PATHS = NO;
				ASSETCATALOG_COMPILER_GENERATE_SWIFT_ASSET_SYMBOL_EXTENSIONS = YES;
				CLANG_ANALYZER_NONNULL = YES;
				CLANG_ANALYZER_NUMBER_OBJECT_CONVERSION = YES_AGGRESSIVE;
				CLANG_CXX_LANGUAGE_STANDARD = "gnu++20";
				CLANG_ENABLE_MODULES = YES;
				CLANG_ENABLE_OBJC_ARC = YES;
				CLANG_ENABLE_OBJC_WEAK = YES;
				CLANG_WARN_BLOCK_CAPTURE_AUTORELEASING = YES;
				CLANG_WARN_BOOL_CONVERSION = YES;
				CLANG_WARN_COMMA = YES;
				CLANG_WARN_CONSTANT_CONVERSION = YES;
				CLANG_WARN_DEPRECATED_OBJC_IMPLEMENTATIONS = YES;
				CLANG_WARN_DIRECT_OBJC_ISA_USAGE = YES_ERROR;
				CLANG_WARN_DOCUMENTATION_COMMENTS = YES;
				CLANG_WARN_EMPTY_BODY = YES;
				CLANG_WARN_ENUM_CONVERSION = YES;
				CLANG_WARN_INFINITE_RECURSION = YES;
				CLANG_WARN_INT_CONVERSION = YES;
				CLANG_WARN_NON_LITERAL_NULL_CONVERSION = YES;
				CLANG_WARN_OBJC_IMPLICIT_RETAIN_SELF = YES;
				CLANG_WARN_OBJC_LITERAL_CONVERSION = YES;
				CLANG_WARN_OBJC_ROOT_CLASS = YES_ERROR;
				CLANG_WARN_QUOTED_INCLUDE_IN_FRAMEWORK_HEADER = YES;
				CLANG_WARN_RANGE_LOOP_ANALYSIS = YES;
				CLANG_WARN_STRICT_PROTOTYPES = YES;
				CLANG_WARN_SUSPICIOUS_MOVE = YES;
				CLANG_WARN_UNGUARDED_AVAILABILITY = YES_AGGRESSIVE;
				CLANG_WARN_UNREACHABLE_CODE = YES;
				CLANG_WARN__DUPLICATE_METHOD_MATCH = YES;
				COPY_PHASE_STRIP = NO;
				DEBUG_INFORMATION_FORMAT = dwarf;
				ENABLE_STRICT_OBJC_MSGSEND = YES;
				ENABLE_TESTABILITY = YES;
				ENABLE_USER_SCRIPT_SANDBOXING = YES;
				GCC_C_LANGUAGE_STANDARD = gnu17;
				GCC_DYNAMIC_NO_PIC = NO;
				GCC_NO_COMMON_BLOCKS = YES;
				GCC_OPTIMIZATION_LEVEL = 0;
				GCC_PREPROCESSOR_DEFINITIONS = (
					"DEBUG=1",
					"$(inherited)",
				);
				GCC_WARN_64_TO_32_BIT_CONVERSION = YES;
				GCC_WARN_ABOUT_RETURN_TYPE = YES_ERROR;
				GCC_WARN_UNDECLARED_SELECTOR = YES;
				GCC_WARN_UNINITIALIZED_AUTOS = YES_AGGRESSIVE;
				GCC_WARN_UNUSED_FUNCTION = YES;
				GCC_WARN_UNUSED_VARIABLE = YES;
				IPHONEOS_DEPLOYMENT_TARGET = 17.2;
				LOCALIZATION_PREFERS_STRING_CATALOGS = YES;
				MTL_ENABLE_DEBUG_INFO = INCLUDE_SOURCE;
				MTL_FAST_MATH = YES;
				ONLY_ACTIVE_ARCH = YES;
				SWIFT_ACTIVE_COMPILATION_CONDITIONS = "DEBUG $(inherited)";
				SWIFT_OPTIMIZATION_LEVEL = "-Onone";
			};
			name = Debug;
		};
		DE49A1892B65F6DB000F3AFB /* Release */ = {
			isa = XCBuildConfiguration;
			buildSettings = {
				ALWAYS_SEARCH_USER_PATHS = NO;
				ASSETCATALOG_COMPILER_GENERATE_SWIFT_ASSET_SYMBOL_EXTENSIONS = YES;
				CLANG_ANALYZER_NONNULL = YES;
				CLANG_ANALYZER_NUMBER_OBJECT_CONVERSION = YES_AGGRESSIVE;
				CLANG_CXX_LANGUAGE_STANDARD = "gnu++20";
				CLANG_ENABLE_MODULES = YES;
				CLANG_ENABLE_OBJC_ARC = YES;
				CLANG_ENABLE_OBJC_WEAK = YES;
				CLANG_WARN_BLOCK_CAPTURE_AUTORELEASING = YES;
				CLANG_WARN_BOOL_CONVERSION = YES;
				CLANG_WARN_COMMA = YES;
				CLANG_WARN_CONSTANT_CONVERSION = YES;
				CLANG_WARN_DEPRECATED_OBJC_IMPLEMENTATIONS = YES;
				CLANG_WARN_DIRECT_OBJC_ISA_USAGE = YES_ERROR;
				CLANG_WARN_DOCUMENTATION_COMMENTS = YES;
				CLANG_WARN_EMPTY_BODY = YES;
				CLANG_WARN_ENUM_CONVERSION = YES;
				CLANG_WARN_INFINITE_RECURSION = YES;
				CLANG_WARN_INT_CONVERSION = YES;
				CLANG_WARN_NON_LITERAL_NULL_CONVERSION = YES;
				CLANG_WARN_OBJC_IMPLICIT_RETAIN_SELF = YES;
				CLANG_WARN_OBJC_LITERAL_CONVERSION = YES;
				CLANG_WARN_OBJC_ROOT_CLASS = YES_ERROR;
				CLANG_WARN_QUOTED_INCLUDE_IN_FRAMEWORK_HEADER = YES;
				CLANG_WARN_RANGE_LOOP_ANALYSIS = YES;
				CLANG_WARN_STRICT_PROTOTYPES = YES;
				CLANG_WARN_SUSPICIOUS_MOVE = YES;
				CLANG_WARN_UNGUARDED_AVAILABILITY = YES_AGGRESSIVE;
				CLANG_WARN_UNREACHABLE_CODE = YES;
				CLANG_WARN__DUPLICATE_METHOD_MATCH = YES;
				COPY_PHASE_STRIP = NO;
				DEBUG_INFORMATION_FORMAT = "dwarf-with-dsym";
				ENABLE_NS_ASSERTIONS = NO;
				ENABLE_STRICT_OBJC_MSGSEND = YES;
				ENABLE_USER_SCRIPT_SANDBOXING = YES;
				GCC_C_LANGUAGE_STANDARD = gnu17;
				GCC_NO_COMMON_BLOCKS = YES;
				GCC_WARN_64_TO_32_BIT_CONVERSION = YES;
				GCC_WARN_ABOUT_RETURN_TYPE = YES_ERROR;
				GCC_WARN_UNDECLARED_SELECTOR = YES;
				GCC_WARN_UNINITIALIZED_AUTOS = YES_AGGRESSIVE;
				GCC_WARN_UNUSED_FUNCTION = YES;
				GCC_WARN_UNUSED_VARIABLE = YES;
				IPHONEOS_DEPLOYMENT_TARGET = 17.2;
				LOCALIZATION_PREFERS_STRING_CATALOGS = YES;
				MTL_ENABLE_DEBUG_INFO = NO;
				MTL_FAST_MATH = YES;
				SWIFT_COMPILATION_MODE = wholemodule;
			};
			name = Release;
		};
		DE49A18B2B65F6DB000F3AFB /* Debug */ = {
			isa = XCBuildConfiguration;
			buildSettings = {
				ASSETCATALOG_COMPILER_APPICON_NAME = AppIcon;
				ASSETCATALOG_COMPILER_GLOBAL_ACCENT_COLOR_NAME = AccentColor;
				CODE_SIGN_ENTITLEMENTS = voltixApp/voltixApp.entitlements;
				CODE_SIGN_IDENTITY = "Apple Development";
				CODE_SIGN_STYLE = Manual;
				CURRENT_PROJECT_VERSION = 1;
				DEVELOPMENT_ASSET_PATHS = "\"voltixApp/Preview Content\"";
				DEVELOPMENT_TEAM = "";
				"ENABLE_HARDENED_RUNTIME[sdk=macosx*]" = YES;
				ENABLE_PREVIEWS = YES;
				GENERATE_INFOPLIST_FILE = YES;
				INFOPLIST_FILE = VoltixApp/Info.plist;
				INFOPLIST_KEY_CFBundleDisplayName = Volitix;
				INFOPLIST_KEY_LSApplicationCategoryType = "public.app-category.finance";
				INFOPLIST_KEY_NSCameraUsageDescription = "We need to scan QR Codes.";
				INFOPLIST_KEY_NSFileProviderDomainUsageDescription = "We need to access your files.";
				"INFOPLIST_KEY_UIApplicationSceneManifest_Generation[sdk=iphoneos*]" = YES;
				"INFOPLIST_KEY_UIApplicationSceneManifest_Generation[sdk=iphonesimulator*]" = YES;
				"INFOPLIST_KEY_UIApplicationSupportsIndirectInputEvents[sdk=iphoneos*]" = YES;
				"INFOPLIST_KEY_UIApplicationSupportsIndirectInputEvents[sdk=iphonesimulator*]" = YES;
				"INFOPLIST_KEY_UILaunchScreen_Generation[sdk=iphoneos*]" = YES;
				"INFOPLIST_KEY_UILaunchScreen_Generation[sdk=iphonesimulator*]" = YES;
				"INFOPLIST_KEY_UIStatusBarStyle[sdk=iphoneos*]" = UIStatusBarStyleDefault;
				"INFOPLIST_KEY_UIStatusBarStyle[sdk=iphonesimulator*]" = UIStatusBarStyleDefault;
				INFOPLIST_KEY_UISupportedInterfaceOrientations_iPad = "UIInterfaceOrientationPortrait UIInterfaceOrientationPortraitUpsideDown UIInterfaceOrientationLandscapeLeft UIInterfaceOrientationLandscapeRight";
				INFOPLIST_KEY_UISupportedInterfaceOrientations_iPhone = "UIInterfaceOrientationPortrait UIInterfaceOrientationLandscapeLeft UIInterfaceOrientationLandscapeRight";
				IPHONEOS_DEPLOYMENT_TARGET = 17.2;
				LD_RUNPATH_SEARCH_PATHS = "@executable_path/Frameworks";
				"LD_RUNPATH_SEARCH_PATHS[sdk=macosx*]" = "@executable_path/../Frameworks";
				MACOSX_DEPLOYMENT_TARGET = 14.2;
				MARKETING_VERSION = 1.0;
				PRODUCT_BUNDLE_IDENTIFIER = com.voltix.voltixApp.enrique;
				PRODUCT_NAME = "$(TARGET_NAME)";
				PROVISIONING_PROFILE_SPECIFIER = "";
				SDKROOT = auto;
				SUPPORTED_PLATFORMS = "iphoneos iphonesimulator";
				SUPPORTS_MACCATALYST = NO;
				SUPPORTS_MAC_DESIGNED_FOR_IPHONE_IPAD = YES;
				SWIFT_EMIT_LOC_STRINGS = YES;
				SWIFT_VERSION = 5.0;
				TARGETED_DEVICE_FAMILY = "1,2";
			};
			name = Debug;
		};
		DE49A18C2B65F6DB000F3AFB /* Release */ = {
			isa = XCBuildConfiguration;
			buildSettings = {
				ASSETCATALOG_COMPILER_APPICON_NAME = AppIcon;
				ASSETCATALOG_COMPILER_GLOBAL_ACCENT_COLOR_NAME = AccentColor;
				CODE_SIGN_ENTITLEMENTS = voltixApp/voltixApp.entitlements;
				CODE_SIGN_IDENTITY = "Apple Development";
				CODE_SIGN_STYLE = Manual;
				CURRENT_PROJECT_VERSION = 1;
				DEVELOPMENT_ASSET_PATHS = "\"voltixApp/Preview Content\"";
				DEVELOPMENT_TEAM = "";
				"ENABLE_HARDENED_RUNTIME[sdk=macosx*]" = YES;
				ENABLE_PREVIEWS = YES;
				GENERATE_INFOPLIST_FILE = YES;
				INFOPLIST_FILE = VoltixApp/Info.plist;
				INFOPLIST_KEY_CFBundleDisplayName = Volitix;
				INFOPLIST_KEY_LSApplicationCategoryType = "public.app-category.finance";
				INFOPLIST_KEY_NSCameraUsageDescription = "We need to scan QR Codes.";
				INFOPLIST_KEY_NSFileProviderDomainUsageDescription = "We need to access your files.";
				"INFOPLIST_KEY_UIApplicationSceneManifest_Generation[sdk=iphoneos*]" = YES;
				"INFOPLIST_KEY_UIApplicationSceneManifest_Generation[sdk=iphonesimulator*]" = YES;
				"INFOPLIST_KEY_UIApplicationSupportsIndirectInputEvents[sdk=iphoneos*]" = YES;
				"INFOPLIST_KEY_UIApplicationSupportsIndirectInputEvents[sdk=iphonesimulator*]" = YES;
				"INFOPLIST_KEY_UILaunchScreen_Generation[sdk=iphoneos*]" = YES;
				"INFOPLIST_KEY_UILaunchScreen_Generation[sdk=iphonesimulator*]" = YES;
				"INFOPLIST_KEY_UIStatusBarStyle[sdk=iphoneos*]" = UIStatusBarStyleDefault;
				"INFOPLIST_KEY_UIStatusBarStyle[sdk=iphonesimulator*]" = UIStatusBarStyleDefault;
				INFOPLIST_KEY_UISupportedInterfaceOrientations_iPad = "UIInterfaceOrientationPortrait UIInterfaceOrientationPortraitUpsideDown UIInterfaceOrientationLandscapeLeft UIInterfaceOrientationLandscapeRight";
				INFOPLIST_KEY_UISupportedInterfaceOrientations_iPhone = "UIInterfaceOrientationPortrait UIInterfaceOrientationLandscapeLeft UIInterfaceOrientationLandscapeRight";
				IPHONEOS_DEPLOYMENT_TARGET = 17.2;
				LD_RUNPATH_SEARCH_PATHS = "@executable_path/Frameworks";
				"LD_RUNPATH_SEARCH_PATHS[sdk=macosx*]" = "@executable_path/../Frameworks";
				MACOSX_DEPLOYMENT_TARGET = 14.2;
				MARKETING_VERSION = 1.0;
				PRODUCT_BUNDLE_IDENTIFIER = com.voltix.voltixApp.enrique;
				PRODUCT_NAME = "$(TARGET_NAME)";
				PROVISIONING_PROFILE_SPECIFIER = "";
				SDKROOT = auto;
				SUPPORTED_PLATFORMS = "iphoneos iphonesimulator";
				SUPPORTS_MACCATALYST = NO;
				SUPPORTS_MAC_DESIGNED_FOR_IPHONE_IPAD = YES;
				SWIFT_EMIT_LOC_STRINGS = YES;
				SWIFT_VERSION = 5.0;
				TARGETED_DEVICE_FAMILY = "1,2";
			};
			name = Release;
		};
		DE49A18E2B65F6DB000F3AFB /* Debug */ = {
			isa = XCBuildConfiguration;
			buildSettings = {
				ALWAYS_EMBED_SWIFT_STANDARD_LIBRARIES = YES;
				BUNDLE_LOADER = "$(TEST_HOST)";
				CODE_SIGN_STYLE = Automatic;
				CURRENT_PROJECT_VERSION = 1;
				GENERATE_INFOPLIST_FILE = YES;
				IPHONEOS_DEPLOYMENT_TARGET = 17.2;
				MACOSX_DEPLOYMENT_TARGET = 14.2;
				MARKETING_VERSION = 1.0;
				PRODUCT_BUNDLE_IDENTIFIER = com.voltix.voltixAppTests;
				PRODUCT_NAME = "$(TARGET_NAME)";
				SDKROOT = auto;
				SUPPORTED_PLATFORMS = "iphoneos iphonesimulator macosx";
				SWIFT_EMIT_LOC_STRINGS = NO;
				SWIFT_VERSION = 5.0;
				TARGETED_DEVICE_FAMILY = "1,2";
				TEST_HOST = "$(BUILT_PRODUCTS_DIR)/VoltixApp.app/$(BUNDLE_EXECUTABLE_FOLDER_PATH)/VoltixApp";
			};
			name = Debug;
		};
		DE49A18F2B65F6DB000F3AFB /* Release */ = {
			isa = XCBuildConfiguration;
			buildSettings = {
				ALWAYS_EMBED_SWIFT_STANDARD_LIBRARIES = YES;
				BUNDLE_LOADER = "$(TEST_HOST)";
				CODE_SIGN_STYLE = Automatic;
				CURRENT_PROJECT_VERSION = 1;
				GENERATE_INFOPLIST_FILE = YES;
				IPHONEOS_DEPLOYMENT_TARGET = 17.2;
				MACOSX_DEPLOYMENT_TARGET = 14.2;
				MARKETING_VERSION = 1.0;
				PRODUCT_BUNDLE_IDENTIFIER = com.voltix.voltixAppTests;
				PRODUCT_NAME = "$(TARGET_NAME)";
				SDKROOT = auto;
				SUPPORTED_PLATFORMS = "iphoneos iphonesimulator macosx";
				SWIFT_EMIT_LOC_STRINGS = NO;
				SWIFT_VERSION = 5.0;
				TARGETED_DEVICE_FAMILY = "1,2";
				TEST_HOST = "$(BUILT_PRODUCTS_DIR)/VoltixApp.app/$(BUNDLE_EXECUTABLE_FOLDER_PATH)/VoltixApp";
			};
			name = Release;
		};
		DE49A1912B65F6DB000F3AFB /* Debug */ = {
			isa = XCBuildConfiguration;
			buildSettings = {
				ALWAYS_EMBED_SWIFT_STANDARD_LIBRARIES = YES;
				CODE_SIGN_STYLE = Automatic;
				CURRENT_PROJECT_VERSION = 1;
				GENERATE_INFOPLIST_FILE = YES;
				IPHONEOS_DEPLOYMENT_TARGET = 17.2;
				MACOSX_DEPLOYMENT_TARGET = 14.2;
				MARKETING_VERSION = 1.0;
				PRODUCT_BUNDLE_IDENTIFIER = com.voltix.voltixAppUITests;
				PRODUCT_NAME = "$(TARGET_NAME)";
				SDKROOT = auto;
				SUPPORTED_PLATFORMS = "iphoneos iphonesimulator macosx";
				SWIFT_EMIT_LOC_STRINGS = NO;
				SWIFT_VERSION = 5.0;
				TARGETED_DEVICE_FAMILY = "1,2";
				TEST_TARGET_NAME = voltixApp;
			};
			name = Debug;
		};
		DE49A1922B65F6DB000F3AFB /* Release */ = {
			isa = XCBuildConfiguration;
			buildSettings = {
				ALWAYS_EMBED_SWIFT_STANDARD_LIBRARIES = YES;
				CODE_SIGN_STYLE = Automatic;
				CURRENT_PROJECT_VERSION = 1;
				GENERATE_INFOPLIST_FILE = YES;
				IPHONEOS_DEPLOYMENT_TARGET = 17.2;
				MACOSX_DEPLOYMENT_TARGET = 14.2;
				MARKETING_VERSION = 1.0;
				PRODUCT_BUNDLE_IDENTIFIER = com.voltix.voltixAppUITests;
				PRODUCT_NAME = "$(TARGET_NAME)";
				SDKROOT = auto;
				SUPPORTED_PLATFORMS = "iphoneos iphonesimulator macosx";
				SWIFT_EMIT_LOC_STRINGS = NO;
				SWIFT_VERSION = 5.0;
				TARGETED_DEVICE_FAMILY = "1,2";
				TEST_TARGET_NAME = voltixApp;
			};
			name = Release;
		};
/* End XCBuildConfiguration section */

/* Begin XCConfigurationList section */
		DE49A15E2B65F6D9000F3AFB /* Build configuration list for PBXProject "VoltixApp" */ = {
			isa = XCConfigurationList;
			buildConfigurations = (
				DE49A1882B65F6DB000F3AFB /* Debug */,
				DE49A1892B65F6DB000F3AFB /* Release */,
			);
			defaultConfigurationIsVisible = 0;
			defaultConfigurationName = Release;
		};
		DE49A18A2B65F6DB000F3AFB /* Build configuration list for PBXNativeTarget "VoltixApp" */ = {
			isa = XCConfigurationList;
			buildConfigurations = (
				DE49A18B2B65F6DB000F3AFB /* Debug */,
				DE49A18C2B65F6DB000F3AFB /* Release */,
			);
			defaultConfigurationIsVisible = 0;
			defaultConfigurationName = Release;
		};
		DE49A18D2B65F6DB000F3AFB /* Build configuration list for PBXNativeTarget "VoltixAppTests" */ = {
			isa = XCConfigurationList;
			buildConfigurations = (
				DE49A18E2B65F6DB000F3AFB /* Debug */,
				DE49A18F2B65F6DB000F3AFB /* Release */,
			);
			defaultConfigurationIsVisible = 0;
			defaultConfigurationName = Release;
		};
		DE49A1902B65F6DB000F3AFB /* Build configuration list for PBXNativeTarget "VoltixAppUITests" */ = {
			isa = XCConfigurationList;
			buildConfigurations = (
				DE49A1912B65F6DB000F3AFB /* Debug */,
				DE49A1922B65F6DB000F3AFB /* Release */,
			);
			defaultConfigurationIsVisible = 0;
			defaultConfigurationName = Release;
		};
/* End XCConfigurationList section */

/* Begin XCLocalSwiftPackageReference section */
		D9A22EB52B667C41007281BF /* XCLocalSwiftPackageReference "../Mediator" */ = {
			isa = XCLocalSwiftPackageReference;
			relativePath = ../Mediator;
		};
		DE28F52F2B7B0F6A00E33058 /* XCLocalSwiftPackageReference "../WalletCore" */ = {
			isa = XCLocalSwiftPackageReference;
			relativePath = ../WalletCore;
		};
/* End XCLocalSwiftPackageReference section */

/* Begin XCRemoteSwiftPackageReference section */
		DE49A1B32B6A1088000F3AFB /* XCRemoteSwiftPackageReference "CodeScanner" */ = {
			isa = XCRemoteSwiftPackageReference;
			repositoryURL = "https://github.com/twostraws/CodeScanner";
			requirement = {
				kind = upToNextMajorVersion;
				minimumVersion = 2.3.3;
			};
		};
/* End XCRemoteSwiftPackageReference section */

/* Begin XCSwiftPackageProductDependency section */
		D9A22EB62B667C41007281BF /* Mediator */ = {
			isa = XCSwiftPackageProductDependency;
			productName = Mediator;
		};
		DE28F5302B7B0FE900E33058 /* WalletCore */ = {
			isa = XCSwiftPackageProductDependency;
			productName = WalletCore;
		};
		DE28F5322B7B0FED00E33058 /* SwiftProtobuf */ = {
			isa = XCSwiftPackageProductDependency;
			productName = SwiftProtobuf;
		};
		DE49A1992B660D8D000F3AFB /* Mediator */ = {
			isa = XCSwiftPackageProductDependency;
			productName = Mediator;
		};
		DE49A1B42B6A1088000F3AFB /* CodeScanner */ = {
			isa = XCSwiftPackageProductDependency;
			package = DE49A1B32B6A1088000F3AFB /* XCRemoteSwiftPackageReference "CodeScanner" */;
			productName = CodeScanner;
		};
/* End XCSwiftPackageProductDependency section */
	};
	rootObject = DE49A15B2B65F6D9000F3AFB /* Project object */;
}
