// !$*UTF8*$!
{
	archiveVersion = 1;
	classes = {
	};
	objectVersion = 60;
	objects = {

/* Begin PBXBuildFile section */
		D9A22EB72B667C41007281BF /* Mediator in Frameworks */ = {isa = PBXBuildFile; productRef = D9A22EB62B667C41007281BF /* Mediator */; };
		DE49A1672B65F6D9000F3AFB /* VoltixApp.swift in Sources */ = {isa = PBXBuildFile; fileRef = DE49A1662B65F6D9000F3AFB /* VoltixApp.swift */; };
		DE49A1692B65F6D9000F3AFB /* ContentView.swift in Sources */ = {isa = PBXBuildFile; fileRef = DE49A1682B65F6D9000F3AFB /* ContentView.swift */; };
		DE49A16B2B65F6D9000F3AFB /* Item.swift in Sources */ = {isa = PBXBuildFile; fileRef = DE49A16A2B65F6D9000F3AFB /* Item.swift */; };
		DE49A16D2B65F6DB000F3AFB /* Assets.xcassets in Resources */ = {isa = PBXBuildFile; fileRef = DE49A16C2B65F6DB000F3AFB /* Assets.xcassets */; };
		DE49A1712B65F6DB000F3AFB /* Preview Assets.xcassets in Resources */ = {isa = PBXBuildFile; fileRef = DE49A1702B65F6DB000F3AFB /* Preview Assets.xcassets */; };
		DE49A17B2B65F6DB000F3AFB /* voltixAppTests.swift in Sources */ = {isa = PBXBuildFile; fileRef = DE49A17A2B65F6DB000F3AFB /* voltixAppTests.swift */; };
		DE49A1852B65F6DB000F3AFB /* voltixAppUITests.swift in Sources */ = {isa = PBXBuildFile; fileRef = DE49A1842B65F6DB000F3AFB /* voltixAppUITests.swift */; };
		DE49A1872B65F6DB000F3AFB /* voltixAppUITestsLaunchTests.swift in Sources */ = {isa = PBXBuildFile; fileRef = DE49A1862B65F6DB000F3AFB /* voltixAppUITestsLaunchTests.swift */; };
		DE49A1942B65F7B6000F3AFB /* Mediator in Resources */ = {isa = PBXBuildFile; fileRef = DE49A1932B65F7B6000F3AFB /* Mediator */; };
		DE49A19A2B660D8D000F3AFB /* Mediator in Frameworks */ = {isa = PBXBuildFile; productRef = DE49A1992B660D8D000F3AFB /* Mediator */; };
		DE49A19C2B67133D000F3AFB /* Vault.swift in Sources */ = {isa = PBXBuildFile; fileRef = DE49A19B2B67133D000F3AFB /* Vault.swift */; };
		DE49A19E2B671416000F3AFB /* Coin.swift in Sources */ = {isa = PBXBuildFile; fileRef = DE49A19D2B671416000F3AFB /* Coin.swift */; };
		DE49A1A02B67143B000F3AFB /* Chain.swift in Sources */ = {isa = PBXBuildFile; fileRef = DE49A19F2B67143B000F3AFB /* Chain.swift */; };
/* End PBXBuildFile section */

/* Begin PBXContainerItemProxy section */
		DE49A1772B65F6DB000F3AFB /* PBXContainerItemProxy */ = {
			isa = PBXContainerItemProxy;
			containerPortal = DE49A15B2B65F6D9000F3AFB /* Project object */;
			proxyType = 1;
			remoteGlobalIDString = DE49A1622B65F6D9000F3AFB;
			remoteInfo = voltixApp;
		};
		DE49A1812B65F6DB000F3AFB /* PBXContainerItemProxy */ = {
			isa = PBXContainerItemProxy;
			containerPortal = DE49A15B2B65F6D9000F3AFB /* Project object */;
			proxyType = 1;
			remoteGlobalIDString = DE49A1622B65F6D9000F3AFB;
			remoteInfo = voltixApp;
		};
/* End PBXContainerItemProxy section */

/* Begin PBXFileReference section */
		DE49A1632B65F6D9000F3AFB /* VoltixApp.app */ = {isa = PBXFileReference; explicitFileType = wrapper.application; includeInIndex = 0; path = VoltixApp.app; sourceTree = BUILT_PRODUCTS_DIR; };
		DE49A1662B65F6D9000F3AFB /* VoltixApp.swift */ = {isa = PBXFileReference; lastKnownFileType = sourcecode.swift; path = VoltixApp.swift; sourceTree = "<group>"; };
		DE49A1682B65F6D9000F3AFB /* ContentView.swift */ = {isa = PBXFileReference; lastKnownFileType = sourcecode.swift; path = ContentView.swift; sourceTree = "<group>"; };
		DE49A16A2B65F6D9000F3AFB /* Item.swift */ = {isa = PBXFileReference; lastKnownFileType = sourcecode.swift; path = Item.swift; sourceTree = "<group>"; };
		DE49A16C2B65F6DB000F3AFB /* Assets.xcassets */ = {isa = PBXFileReference; lastKnownFileType = folder.assetcatalog; path = Assets.xcassets; sourceTree = "<group>"; };
		DE49A16E2B65F6DB000F3AFB /* voltixApp.entitlements */ = {isa = PBXFileReference; lastKnownFileType = text.plist.entitlements; path = voltixApp.entitlements; sourceTree = "<group>"; };
		DE49A1702B65F6DB000F3AFB /* Preview Assets.xcassets */ = {isa = PBXFileReference; lastKnownFileType = folder.assetcatalog; path = "Preview Assets.xcassets"; sourceTree = "<group>"; };
		DE49A1762B65F6DB000F3AFB /* VoltixAppTests.xctest */ = {isa = PBXFileReference; explicitFileType = wrapper.cfbundle; includeInIndex = 0; path = VoltixAppTests.xctest; sourceTree = BUILT_PRODUCTS_DIR; };
		DE49A17A2B65F6DB000F3AFB /* voltixAppTests.swift */ = {isa = PBXFileReference; lastKnownFileType = sourcecode.swift; path = voltixAppTests.swift; sourceTree = "<group>"; };
		DE49A1802B65F6DB000F3AFB /* VoltixAppUITests.xctest */ = {isa = PBXFileReference; explicitFileType = wrapper.cfbundle; includeInIndex = 0; path = VoltixAppUITests.xctest; sourceTree = BUILT_PRODUCTS_DIR; };
		DE49A1842B65F6DB000F3AFB /* voltixAppUITests.swift */ = {isa = PBXFileReference; lastKnownFileType = sourcecode.swift; path = voltixAppUITests.swift; sourceTree = "<group>"; };
		DE49A1862B65F6DB000F3AFB /* voltixAppUITestsLaunchTests.swift */ = {isa = PBXFileReference; lastKnownFileType = sourcecode.swift; path = voltixAppUITestsLaunchTests.swift; sourceTree = "<group>"; };
		DE49A1932B65F7B6000F3AFB /* Mediator */ = {isa = PBXFileReference; lastKnownFileType = wrapper; name = Mediator; path = ../Mediator; sourceTree = "<group>"; };
		DE49A19B2B67133D000F3AFB /* Vault.swift */ = {isa = PBXFileReference; lastKnownFileType = sourcecode.swift; path = Vault.swift; sourceTree = "<group>"; };
		DE49A19D2B671416000F3AFB /* Coin.swift */ = {isa = PBXFileReference; lastKnownFileType = sourcecode.swift; path = Coin.swift; sourceTree = "<group>"; };
		DE49A19F2B67143B000F3AFB /* Chain.swift */ = {isa = PBXFileReference; lastKnownFileType = sourcecode.swift; path = Chain.swift; sourceTree = "<group>"; };
		DE49A1A22B67158A000F3AFB /* UIKit.framework */ = {isa = PBXFileReference; lastKnownFileType = wrapper.framework; name = UIKit.framework; path = Platforms/iPhoneOS.platform/Developer/SDKs/iPhoneOS17.2.sdk/System/Library/Frameworks/UIKit.framework; sourceTree = DEVELOPER_DIR; };
/* End PBXFileReference section */

/* Begin PBXFrameworksBuildPhase section */
		DE49A1602B65F6D9000F3AFB /* Frameworks */ = {
			isa = PBXFrameworksBuildPhase;
			buildActionMask = 2147483647;
			files = (
				DE49A19A2B660D8D000F3AFB /* Mediator in Frameworks */,
				D9A22EB72B667C41007281BF /* Mediator in Frameworks */,
			);
			runOnlyForDeploymentPostprocessing = 0;
		};
		DE49A1732B65F6DB000F3AFB /* Frameworks */ = {
			isa = PBXFrameworksBuildPhase;
			buildActionMask = 2147483647;
			files = (
			);
			runOnlyForDeploymentPostprocessing = 0;
		};
		DE49A17D2B65F6DB000F3AFB /* Frameworks */ = {
			isa = PBXFrameworksBuildPhase;
			buildActionMask = 2147483647;
			files = (
			);
			runOnlyForDeploymentPostprocessing = 0;
		};
/* End PBXFrameworksBuildPhase section */

/* Begin PBXGroup section */
		DE49A15A2B65F6D9000F3AFB = {
			isa = PBXGroup;
			children = (
				DE49A1932B65F7B6000F3AFB /* Mediator */,
				DE49A1652B65F6D9000F3AFB /* VoltixApp */,
				DE49A1792B65F6DB000F3AFB /* voltixAppTests */,
				DE49A1832B65F6DB000F3AFB /* voltixAppUITests */,
				DE49A1642B65F6D9000F3AFB /* Products */,
				DE49A1A12B67158A000F3AFB /* Frameworks */,
			);
			sourceTree = "<group>";
		};
		DE49A1642B65F6D9000F3AFB /* Products */ = {
			isa = PBXGroup;
			children = (
				DE49A1632B65F6D9000F3AFB /* VoltixApp.app */,
				DE49A1762B65F6DB000F3AFB /* VoltixAppTests.xctest */,
				DE49A1802B65F6DB000F3AFB /* VoltixAppUITests.xctest */,
			);
			name = Products;
			sourceTree = "<group>";
		};
		DE49A1652B65F6D9000F3AFB /* VoltixApp */ = {
			isa = PBXGroup;
			children = (
				DE49A1662B65F6D9000F3AFB /* VoltixApp.swift */,
				DE49A1682B65F6D9000F3AFB /* ContentView.swift */,
				DE49A16A2B65F6D9000F3AFB /* Item.swift */,
				DE49A16C2B65F6DB000F3AFB /* Assets.xcassets */,
				DE49A16E2B65F6DB000F3AFB /* voltixApp.entitlements */,
				DE49A16F2B65F6DB000F3AFB /* Preview Content */,
				DE49A19B2B67133D000F3AFB /* Vault.swift */,
				DE49A19D2B671416000F3AFB /* Coin.swift */,
				DE49A19F2B67143B000F3AFB /* Chain.swift */,
			);
			path = VoltixApp;
			sourceTree = "<group>";
		};
		DE49A16F2B65F6DB000F3AFB /* Preview Content */ = {
			isa = PBXGroup;
			children = (
				DE49A1702B65F6DB000F3AFB /* Preview Assets.xcassets */,
			);
			path = "Preview Content";
			sourceTree = "<group>";
		};
		DE49A1792B65F6DB000F3AFB /* voltixAppTests */ = {
			isa = PBXGroup;
			children = (
				DE49A17A2B65F6DB000F3AFB /* voltixAppTests.swift */,
			);
			path = voltixAppTests;
			sourceTree = "<group>";
		};
		DE49A1832B65F6DB000F3AFB /* voltixAppUITests */ = {
			isa = PBXGroup;
			children = (
				DE49A1842B65F6DB000F3AFB /* voltixAppUITests.swift */,
				DE49A1862B65F6DB000F3AFB /* voltixAppUITestsLaunchTests.swift */,
			);
			path = voltixAppUITests;
			sourceTree = "<group>";
		};
		DE49A1A12B67158A000F3AFB /* Frameworks */ = {
			isa = PBXGroup;
			children = (
				DE49A1A22B67158A000F3AFB /* UIKit.framework */,
			);
			name = Frameworks;
			sourceTree = "<group>";
		};
/* End PBXGroup section */

/* Begin PBXNativeTarget section */
		DE49A1622B65F6D9000F3AFB /* VoltixApp */ = {
			isa = PBXNativeTarget;
			buildConfigurationList = DE49A18A2B65F6DB000F3AFB /* Build configuration list for PBXNativeTarget "VoltixApp" */;
			buildPhases = (
				DE49A15F2B65F6D9000F3AFB /* Sources */,
				DE49A1602B65F6D9000F3AFB /* Frameworks */,
				DE49A1612B65F6D9000F3AFB /* Resources */,
			);
			buildRules = (
			);
			dependencies = (
			);
			name = VoltixApp;
			packageProductDependencies = (
				DE49A1992B660D8D000F3AFB /* Mediator */,
				D9A22EB62B667C41007281BF /* Mediator */,
			);
			productName = voltixApp;
			productReference = DE49A1632B65F6D9000F3AFB /* VoltixApp.app */;
			productType = "com.apple.product-type.application";
		};
		DE49A1752B65F6DB000F3AFB /* VoltixAppTests */ = {
			isa = PBXNativeTarget;
			buildConfigurationList = DE49A18D2B65F6DB000F3AFB /* Build configuration list for PBXNativeTarget "VoltixAppTests" */;
			buildPhases = (
				DE49A1722B65F6DB000F3AFB /* Sources */,
				DE49A1732B65F6DB000F3AFB /* Frameworks */,
				DE49A1742B65F6DB000F3AFB /* Resources */,
			);
			buildRules = (
			);
			dependencies = (
				DE49A1782B65F6DB000F3AFB /* PBXTargetDependency */,
			);
			name = VoltixAppTests;
			productName = voltixAppTests;
			productReference = DE49A1762B65F6DB000F3AFB /* VoltixAppTests.xctest */;
			productType = "com.apple.product-type.bundle.unit-test";
		};
		DE49A17F2B65F6DB000F3AFB /* VoltixAppUITests */ = {
			isa = PBXNativeTarget;
			buildConfigurationList = DE49A1902B65F6DB000F3AFB /* Build configuration list for PBXNativeTarget "VoltixAppUITests" */;
			buildPhases = (
				DE49A17C2B65F6DB000F3AFB /* Sources */,
				DE49A17D2B65F6DB000F3AFB /* Frameworks */,
				DE49A17E2B65F6DB000F3AFB /* Resources */,
			);
			buildRules = (
			);
			dependencies = (
				DE49A1822B65F6DB000F3AFB /* PBXTargetDependency */,
			);
			name = VoltixAppUITests;
			productName = voltixAppUITests;
			productReference = DE49A1802B65F6DB000F3AFB /* VoltixAppUITests.xctest */;
			productType = "com.apple.product-type.bundle.ui-testing";
		};
/* End PBXNativeTarget section */

/* Begin PBXProject section */
		DE49A15B2B65F6D9000F3AFB /* Project object */ = {
			isa = PBXProject;
			attributes = {
				BuildIndependentTargetsInParallel = 1;
				LastSwiftUpdateCheck = 1520;
				LastUpgradeCheck = 1520;
				TargetAttributes = {
					DE49A1622B65F6D9000F3AFB = {
						CreatedOnToolsVersion = 15.2;
					};
					DE49A1752B65F6DB000F3AFB = {
						CreatedOnToolsVersion = 15.2;
						TestTargetID = DE49A1622B65F6D9000F3AFB;
					};
					DE49A17F2B65F6DB000F3AFB = {
						CreatedOnToolsVersion = 15.2;
						TestTargetID = DE49A1622B65F6D9000F3AFB;
					};
				};
			};
			buildConfigurationList = DE49A15E2B65F6D9000F3AFB /* Build configuration list for PBXProject "voltixApp" */;
			compatibilityVersion = "Xcode 14.0";
			developmentRegion = en;
			hasScannedForEncodings = 0;
			knownRegions = (
				en,
				Base,
			);
			mainGroup = DE49A15A2B65F6D9000F3AFB;
			packageReferences = (
				D9A22EB52B667C41007281BF /* XCLocalSwiftPackageReference "../Mediator" */,
			);
			productRefGroup = DE49A1642B65F6D9000F3AFB /* Products */;
			projectDirPath = "";
			projectRoot = "";
			targets = (
				DE49A1622B65F6D9000F3AFB /* VoltixApp */,
				DE49A1752B65F6DB000F3AFB /* VoltixAppTests */,
				DE49A17F2B65F6DB000F3AFB /* VoltixAppUITests */,
			);
		};
/* End PBXProject section */

/* Begin PBXResourcesBuildPhase section */
		DE49A1612B65F6D9000F3AFB /* Resources */ = {
			isa = PBXResourcesBuildPhase;
			buildActionMask = 2147483647;
			files = (
				DE49A1712B65F6DB000F3AFB /* Preview Assets.xcassets in Resources */,
				DE49A1942B65F7B6000F3AFB /* Mediator in Resources */,
				DE49A16D2B65F6DB000F3AFB /* Assets.xcassets in Resources */,
			);
			runOnlyForDeploymentPostprocessing = 0;
		};
		DE49A1742B65F6DB000F3AFB /* Resources */ = {
			isa = PBXResourcesBuildPhase;
			buildActionMask = 2147483647;
			files = (
			);
			runOnlyForDeploymentPostprocessing = 0;
		};
		DE49A17E2B65F6DB000F3AFB /* Resources */ = {
			isa = PBXResourcesBuildPhase;
			buildActionMask = 2147483647;
			files = (
			);
			runOnlyForDeploymentPostprocessing = 0;
		};
/* End PBXResourcesBuildPhase section */

/* Begin PBXSourcesBuildPhase section */
		DE49A15F2B65F6D9000F3AFB /* Sources */ = {
			isa = PBXSourcesBuildPhase;
			buildActionMask = 2147483647;
			files = (
				DE49A1692B65F6D9000F3AFB /* ContentView.swift in Sources */,
				DE49A16B2B65F6D9000F3AFB /* Item.swift in Sources */,
				DE49A19C2B67133D000F3AFB /* Vault.swift in Sources */,
				DE49A1A02B67143B000F3AFB /* Chain.swift in Sources */,
				DE49A19E2B671416000F3AFB /* Coin.swift in Sources */,
				DE49A1672B65F6D9000F3AFB /* VoltixApp.swift in Sources */,
			);
			runOnlyForDeploymentPostprocessing = 0;
		};
		DE49A1722B65F6DB000F3AFB /* Sources */ = {
			isa = PBXSourcesBuildPhase;
			buildActionMask = 2147483647;
			files = (
				DE49A17B2B65F6DB000F3AFB /* voltixAppTests.swift in Sources */,
			);
			runOnlyForDeploymentPostprocessing = 0;
		};
		DE49A17C2B65F6DB000F3AFB /* Sources */ = {
			isa = PBXSourcesBuildPhase;
			buildActionMask = 2147483647;
			files = (
				DE49A1872B65F6DB000F3AFB /* voltixAppUITestsLaunchTests.swift in Sources */,
				DE49A1852B65F6DB000F3AFB /* voltixAppUITests.swift in Sources */,
			);
			runOnlyForDeploymentPostprocessing = 0;
		};
/* End PBXSourcesBuildPhase section */

/* Begin PBXTargetDependency section */
		DE49A1782B65F6DB000F3AFB /* PBXTargetDependency */ = {
			isa = PBXTargetDependency;
			target = DE49A1622B65F6D9000F3AFB /* VoltixApp */;
			targetProxy = DE49A1772B65F6DB000F3AFB /* PBXContainerItemProxy */;
		};
		DE49A1822B65F6DB000F3AFB /* PBXTargetDependency */ = {
			isa = PBXTargetDependency;
			target = DE49A1622B65F6D9000F3AFB /* VoltixApp */;
			targetProxy = DE49A1812B65F6DB000F3AFB /* PBXContainerItemProxy */;
		};
/* End PBXTargetDependency section */

/* Begin XCBuildConfiguration section */
		DE49A1882B65F6DB000F3AFB /* Debug */ = {
			isa = XCBuildConfiguration;
			buildSettings = {
				ALWAYS_SEARCH_USER_PATHS = NO;
				ASSETCATALOG_COMPILER_GENERATE_SWIFT_ASSET_SYMBOL_EXTENSIONS = YES;
				CLANG_ANALYZER_NONNULL = YES;
				CLANG_ANALYZER_NUMBER_OBJECT_CONVERSION = YES_AGGRESSIVE;
				CLANG_CXX_LANGUAGE_STANDARD = "gnu++20";
				CLANG_ENABLE_MODULES = YES;
				CLANG_ENABLE_OBJC_ARC = YES;
				CLANG_ENABLE_OBJC_WEAK = YES;
				CLANG_WARN_BLOCK_CAPTURE_AUTORELEASING = YES;
				CLANG_WARN_BOOL_CONVERSION = YES;
				CLANG_WARN_COMMA = YES;
				CLANG_WARN_CONSTANT_CONVERSION = YES;
				CLANG_WARN_DEPRECATED_OBJC_IMPLEMENTATIONS = YES;
				CLANG_WARN_DIRECT_OBJC_ISA_USAGE = YES_ERROR;
				CLANG_WARN_DOCUMENTATION_COMMENTS = YES;
				CLANG_WARN_EMPTY_BODY = YES;
				CLANG_WARN_ENUM_CONVERSION = YES;
				CLANG_WARN_INFINITE_RECURSION = YES;
				CLANG_WARN_INT_CONVERSION = YES;
				CLANG_WARN_NON_LITERAL_NULL_CONVERSION = YES;
				CLANG_WARN_OBJC_IMPLICIT_RETAIN_SELF = YES;
				CLANG_WARN_OBJC_LITERAL_CONVERSION = YES;
				CLANG_WARN_OBJC_ROOT_CLASS = YES_ERROR;
				CLANG_WARN_QUOTED_INCLUDE_IN_FRAMEWORK_HEADER = YES;
				CLANG_WARN_RANGE_LOOP_ANALYSIS = YES;
				CLANG_WARN_STRICT_PROTOTYPES = YES;
				CLANG_WARN_SUSPICIOUS_MOVE = YES;
				CLANG_WARN_UNGUARDED_AVAILABILITY = YES_AGGRESSIVE;
				CLANG_WARN_UNREACHABLE_CODE = YES;
				CLANG_WARN__DUPLICATE_METHOD_MATCH = YES;
				COPY_PHASE_STRIP = NO;
				DEBUG_INFORMATION_FORMAT = dwarf;
				ENABLE_STRICT_OBJC_MSGSEND = YES;
				ENABLE_TESTABILITY = YES;
				ENABLE_USER_SCRIPT_SANDBOXING = YES;
				GCC_C_LANGUAGE_STANDARD = gnu17;
				GCC_DYNAMIC_NO_PIC = NO;
				GCC_NO_COMMON_BLOCKS = YES;
				GCC_OPTIMIZATION_LEVEL = 0;
				GCC_PREPROCESSOR_DEFINITIONS = (
					"DEBUG=1",
					"$(inherited)",
				);
				GCC_WARN_64_TO_32_BIT_CONVERSION = YES;
				GCC_WARN_ABOUT_RETURN_TYPE = YES_ERROR;
				GCC_WARN_UNDECLARED_SELECTOR = YES;
				GCC_WARN_UNINITIALIZED_AUTOS = YES_AGGRESSIVE;
				GCC_WARN_UNUSED_FUNCTION = YES;
				GCC_WARN_UNUSED_VARIABLE = YES;
				LOCALIZATION_PREFERS_STRING_CATALOGS = YES;
				MTL_ENABLE_DEBUG_INFO = INCLUDE_SOURCE;
				MTL_FAST_MATH = YES;
				ONLY_ACTIVE_ARCH = YES;
				SWIFT_ACTIVE_COMPILATION_CONDITIONS = "DEBUG $(inherited)";
				SWIFT_OPTIMIZATION_LEVEL = "-Onone";
			};
			name = Debug;
		};
		DE49A1892B65F6DB000F3AFB /* Release */ = {
			isa = XCBuildConfiguration;
			buildSettings = {
				ALWAYS_SEARCH_USER_PATHS = NO;
				ASSETCATALOG_COMPILER_GENERATE_SWIFT_ASSET_SYMBOL_EXTENSIONS = YES;
				CLANG_ANALYZER_NONNULL = YES;
				CLANG_ANALYZER_NUMBER_OBJECT_CONVERSION = YES_AGGRESSIVE;
				CLANG_CXX_LANGUAGE_STANDARD = "gnu++20";
				CLANG_ENABLE_MODULES = YES;
				CLANG_ENABLE_OBJC_ARC = YES;
				CLANG_ENABLE_OBJC_WEAK = YES;
				CLANG_WARN_BLOCK_CAPTURE_AUTORELEASING = YES;
				CLANG_WARN_BOOL_CONVERSION = YES;
				CLANG_WARN_COMMA = YES;
				CLANG_WARN_CONSTANT_CONVERSION = YES;
				CLANG_WARN_DEPRECATED_OBJC_IMPLEMENTATIONS = YES;
				CLANG_WARN_DIRECT_OBJC_ISA_USAGE = YES_ERROR;
				CLANG_WARN_DOCUMENTATION_COMMENTS = YES;
				CLANG_WARN_EMPTY_BODY = YES;
				CLANG_WARN_ENUM_CONVERSION = YES;
				CLANG_WARN_INFINITE_RECURSION = YES;
				CLANG_WARN_INT_CONVERSION = YES;
				CLANG_WARN_NON_LITERAL_NULL_CONVERSION = YES;
				CLANG_WARN_OBJC_IMPLICIT_RETAIN_SELF = YES;
				CLANG_WARN_OBJC_LITERAL_CONVERSION = YES;
				CLANG_WARN_OBJC_ROOT_CLASS = YES_ERROR;
				CLANG_WARN_QUOTED_INCLUDE_IN_FRAMEWORK_HEADER = YES;
				CLANG_WARN_RANGE_LOOP_ANALYSIS = YES;
				CLANG_WARN_STRICT_PROTOTYPES = YES;
				CLANG_WARN_SUSPICIOUS_MOVE = YES;
				CLANG_WARN_UNGUARDED_AVAILABILITY = YES_AGGRESSIVE;
				CLANG_WARN_UNREACHABLE_CODE = YES;
				CLANG_WARN__DUPLICATE_METHOD_MATCH = YES;
				COPY_PHASE_STRIP = NO;
				DEBUG_INFORMATION_FORMAT = "dwarf-with-dsym";
				ENABLE_NS_ASSERTIONS = NO;
				ENABLE_STRICT_OBJC_MSGSEND = YES;
				ENABLE_USER_SCRIPT_SANDBOXING = YES;
				GCC_C_LANGUAGE_STANDARD = gnu17;
				GCC_NO_COMMON_BLOCKS = YES;
				GCC_WARN_64_TO_32_BIT_CONVERSION = YES;
				GCC_WARN_ABOUT_RETURN_TYPE = YES_ERROR;
				GCC_WARN_UNDECLARED_SELECTOR = YES;
				GCC_WARN_UNINITIALIZED_AUTOS = YES_AGGRESSIVE;
				GCC_WARN_UNUSED_FUNCTION = YES;
				GCC_WARN_UNUSED_VARIABLE = YES;
				LOCALIZATION_PREFERS_STRING_CATALOGS = YES;
				MTL_ENABLE_DEBUG_INFO = NO;
				MTL_FAST_MATH = YES;
				SWIFT_COMPILATION_MODE = wholemodule;
			};
			name = Release;
		};
		DE49A18B2B65F6DB000F3AFB /* Debug */ = {
			isa = XCBuildConfiguration;
			buildSettings = {
				ASSETCATALOG_COMPILER_APPICON_NAME = AppIcon;
				ASSETCATALOG_COMPILER_GLOBAL_ACCENT_COLOR_NAME = AccentColor;
				CODE_SIGN_ENTITLEMENTS = voltixApp/voltixApp.entitlements;
				"CODE_SIGN_IDENTITY[sdk=macosx*]" = "-";
				CODE_SIGN_STYLE = Manual;
				CURRENT_PROJECT_VERSION = 1;
				DEVELOPMENT_ASSET_PATHS = "\"voltixApp/Preview Content\"";
				DEVELOPMENT_TEAM = "";
				ENABLE_PREVIEWS = YES;
				GENERATE_INFOPLIST_FILE = YES;
				"INFOPLIST_KEY_UIApplicationSceneManifest_Generation[sdk=iphoneos*]" = YES;
				"INFOPLIST_KEY_UIApplicationSceneManifest_Generation[sdk=iphonesimulator*]" = YES;
				"INFOPLIST_KEY_UIApplicationSupportsIndirectInputEvents[sdk=iphoneos*]" = YES;
				"INFOPLIST_KEY_UIApplicationSupportsIndirectInputEvents[sdk=iphonesimulator*]" = YES;
				"INFOPLIST_KEY_UILaunchScreen_Generation[sdk=iphoneos*]" = YES;
				"INFOPLIST_KEY_UILaunchScreen_Generation[sdk=iphonesimulator*]" = YES;
				"INFOPLIST_KEY_UIStatusBarStyle[sdk=iphoneos*]" = UIStatusBarStyleDefault;
				"INFOPLIST_KEY_UIStatusBarStyle[sdk=iphonesimulator*]" = UIStatusBarStyleDefault;
				INFOPLIST_KEY_UISupportedInterfaceOrientations_iPad = "UIInterfaceOrientationPortrait UIInterfaceOrientationPortraitUpsideDown UIInterfaceOrientationLandscapeLeft UIInterfaceOrientationLandscapeRight";
				INFOPLIST_KEY_UISupportedInterfaceOrientations_iPhone = "UIInterfaceOrientationPortrait UIInterfaceOrientationLandscapeLeft UIInterfaceOrientationLandscapeRight";
				IPHONEOS_DEPLOYMENT_TARGET = 17.2;
				LD_RUNPATH_SEARCH_PATHS = "@executable_path/Frameworks";
				"LD_RUNPATH_SEARCH_PATHS[sdk=macosx*]" = "@executable_path/../Frameworks";
				MACOSX_DEPLOYMENT_TARGET = 14.0;
				MARKETING_VERSION = 1.0;
				PRODUCT_BUNDLE_IDENTIFIER = com.voltix.voltixApp;
				PRODUCT_NAME = "$(TARGET_NAME)";
				PROVISIONING_PROFILE_SPECIFIER = "";
				SDKROOT = auto;
				SUPPORTED_PLATFORMS = "iphoneos iphonesimulator macosx";
				SWIFT_EMIT_LOC_STRINGS = YES;
				SWIFT_VERSION = 5.0;
				TARGETED_DEVICE_FAMILY = "1,2";
			};
			name = Debug;
		};
		DE49A18C2B65F6DB000F3AFB /* Release */ = {
			isa = XCBuildConfiguration;
			buildSettings = {
				ASSETCATALOG_COMPILER_APPICON_NAME = AppIcon;
				ASSETCATALOG_COMPILER_GLOBAL_ACCENT_COLOR_NAME = AccentColor;
				CODE_SIGN_ENTITLEMENTS = voltixApp/voltixApp.entitlements;
				"CODE_SIGN_IDENTITY[sdk=macosx*]" = "-";
				CODE_SIGN_STYLE = Manual;
				CURRENT_PROJECT_VERSION = 1;
				DEVELOPMENT_ASSET_PATHS = "\"voltixApp/Preview Content\"";
				DEVELOPMENT_TEAM = "";
				ENABLE_PREVIEWS = YES;
				GENERATE_INFOPLIST_FILE = YES;
				"INFOPLIST_KEY_UIApplicationSceneManifest_Generation[sdk=iphoneos*]" = YES;
				"INFOPLIST_KEY_UIApplicationSceneManifest_Generation[sdk=iphonesimulator*]" = YES;
				"INFOPLIST_KEY_UIApplicationSupportsIndirectInputEvents[sdk=iphoneos*]" = YES;
				"INFOPLIST_KEY_UIApplicationSupportsIndirectInputEvents[sdk=iphonesimulator*]" = YES;
				"INFOPLIST_KEY_UILaunchScreen_Generation[sdk=iphoneos*]" = YES;
				"INFOPLIST_KEY_UILaunchScreen_Generation[sdk=iphonesimulator*]" = YES;
				"INFOPLIST_KEY_UIStatusBarStyle[sdk=iphoneos*]" = UIStatusBarStyleDefault;
				"INFOPLIST_KEY_UIStatusBarStyle[sdk=iphonesimulator*]" = UIStatusBarStyleDefault;
				INFOPLIST_KEY_UISupportedInterfaceOrientations_iPad = "UIInterfaceOrientationPortrait UIInterfaceOrientationPortraitUpsideDown UIInterfaceOrientationLandscapeLeft UIInterfaceOrientationLandscapeRight";
				INFOPLIST_KEY_UISupportedInterfaceOrientations_iPhone = "UIInterfaceOrientationPortrait UIInterfaceOrientationLandscapeLeft UIInterfaceOrientationLandscapeRight";
				IPHONEOS_DEPLOYMENT_TARGET = 17.2;
				LD_RUNPATH_SEARCH_PATHS = "@executable_path/Frameworks";
				"LD_RUNPATH_SEARCH_PATHS[sdk=macosx*]" = "@executable_path/../Frameworks";
				MACOSX_DEPLOYMENT_TARGET = 14.0;
				MARKETING_VERSION = 1.0;
				PRODUCT_BUNDLE_IDENTIFIER = com.voltix.voltixApp;
				PRODUCT_NAME = "$(TARGET_NAME)";
				PROVISIONING_PROFILE_SPECIFIER = "";
				SDKROOT = auto;
				SUPPORTED_PLATFORMS = "iphoneos iphonesimulator macosx";
				SWIFT_EMIT_LOC_STRINGS = YES;
				SWIFT_VERSION = 5.0;
				TARGETED_DEVICE_FAMILY = "1,2";
			};
			name = Release;
		};
		DE49A18E2B65F6DB000F3AFB /* Debug */ = {
			isa = XCBuildConfiguration;
			buildSettings = {
				ALWAYS_EMBED_SWIFT_STANDARD_LIBRARIES = YES;
				BUNDLE_LOADER = "$(TEST_HOST)";
				CODE_SIGN_STYLE = Automatic;
				CURRENT_PROJECT_VERSION = 1;
				GENERATE_INFOPLIST_FILE = YES;
				IPHONEOS_DEPLOYMENT_TARGET = 17.2;
				MACOSX_DEPLOYMENT_TARGET = 14.2;
				MARKETING_VERSION = 1.0;
				PRODUCT_BUNDLE_IDENTIFIER = com.voltix.voltixAppTests;
				PRODUCT_NAME = "$(TARGET_NAME)";
				SDKROOT = auto;
				SUPPORTED_PLATFORMS = "iphoneos iphonesimulator macosx";
				SWIFT_EMIT_LOC_STRINGS = NO;
				SWIFT_VERSION = 5.0;
				TARGETED_DEVICE_FAMILY = "1,2";
				TEST_HOST = "$(BUILT_PRODUCTS_DIR)/VoltixApp.app/$(BUNDLE_EXECUTABLE_FOLDER_PATH)/VoltixApp";
			};
			name = Debug;
		};
		DE49A18F2B65F6DB000F3AFB /* Release */ = {
			isa = XCBuildConfiguration;
			buildSettings = {
				ALWAYS_EMBED_SWIFT_STANDARD_LIBRARIES = YES;
				BUNDLE_LOADER = "$(TEST_HOST)";
				CODE_SIGN_STYLE = Automatic;
				CURRENT_PROJECT_VERSION = 1;
				GENERATE_INFOPLIST_FILE = YES;
				IPHONEOS_DEPLOYMENT_TARGET = 17.2;
				MACOSX_DEPLOYMENT_TARGET = 14.2;
				MARKETING_VERSION = 1.0;
				PRODUCT_BUNDLE_IDENTIFIER = com.voltix.voltixAppTests;
				PRODUCT_NAME = "$(TARGET_NAME)";
				SDKROOT = auto;
				SUPPORTED_PLATFORMS = "iphoneos iphonesimulator macosx";
				SWIFT_EMIT_LOC_STRINGS = NO;
				SWIFT_VERSION = 5.0;
				TARGETED_DEVICE_FAMILY = "1,2";
				TEST_HOST = "$(BUILT_PRODUCTS_DIR)/VoltixApp.app/$(BUNDLE_EXECUTABLE_FOLDER_PATH)/VoltixApp";
			};
			name = Release;
		};
		DE49A1912B65F6DB000F3AFB /* Debug */ = {
			isa = XCBuildConfiguration;
			buildSettings = {
				ALWAYS_EMBED_SWIFT_STANDARD_LIBRARIES = YES;
				CODE_SIGN_STYLE = Automatic;
				CURRENT_PROJECT_VERSION = 1;
				GENERATE_INFOPLIST_FILE = YES;
				IPHONEOS_DEPLOYMENT_TARGET = 17.2;
				MACOSX_DEPLOYMENT_TARGET = 14.2;
				MARKETING_VERSION = 1.0;
				PRODUCT_BUNDLE_IDENTIFIER = com.voltix.voltixAppUITests;
				PRODUCT_NAME = "$(TARGET_NAME)";
				SDKROOT = auto;
				SUPPORTED_PLATFORMS = "iphoneos iphonesimulator macosx";
				SWIFT_EMIT_LOC_STRINGS = NO;
				SWIFT_VERSION = 5.0;
				TARGETED_DEVICE_FAMILY = "1,2";
				TEST_TARGET_NAME = voltixApp;
			};
			name = Debug;
		};
		DE49A1922B65F6DB000F3AFB /* Release */ = {
			isa = XCBuildConfiguration;
			buildSettings = {
				ALWAYS_EMBED_SWIFT_STANDARD_LIBRARIES = YES;
				CODE_SIGN_STYLE = Automatic;
				CURRENT_PROJECT_VERSION = 1;
				GENERATE_INFOPLIST_FILE = YES;
				IPHONEOS_DEPLOYMENT_TARGET = 17.2;
				MACOSX_DEPLOYMENT_TARGET = 14.2;
				MARKETING_VERSION = 1.0;
				PRODUCT_BUNDLE_IDENTIFIER = com.voltix.voltixAppUITests;
				PRODUCT_NAME = "$(TARGET_NAME)";
				SDKROOT = auto;
				SUPPORTED_PLATFORMS = "iphoneos iphonesimulator macosx";
				SWIFT_EMIT_LOC_STRINGS = NO;
				SWIFT_VERSION = 5.0;
				TARGETED_DEVICE_FAMILY = "1,2";
				TEST_TARGET_NAME = voltixApp;
			};
			name = Release;
		};
/* End XCBuildConfiguration section */

/* Begin XCConfigurationList section */
		DE49A15E2B65F6D9000F3AFB /* Build configuration list for PBXProject "voltixApp" */ = {
			isa = XCConfigurationList;
			buildConfigurations = (
				DE49A1882B65F6DB000F3AFB /* Debug */,
				DE49A1892B65F6DB000F3AFB /* Release */,
			);
			defaultConfigurationIsVisible = 0;
			defaultConfigurationName = Release;
		};
		DE49A18A2B65F6DB000F3AFB /* Build configuration list for PBXNativeTarget "VoltixApp" */ = {
			isa = XCConfigurationList;
			buildConfigurations = (
				DE49A18B2B65F6DB000F3AFB /* Debug */,
				DE49A18C2B65F6DB000F3AFB /* Release */,
			);
			defaultConfigurationIsVisible = 0;
			defaultConfigurationName = Release;
		};
		DE49A18D2B65F6DB000F3AFB /* Build configuration list for PBXNativeTarget "VoltixAppTests" */ = {
			isa = XCConfigurationList;
			buildConfigurations = (
				DE49A18E2B65F6DB000F3AFB /* Debug */,
				DE49A18F2B65F6DB000F3AFB /* Release */,
			);
			defaultConfigurationIsVisible = 0;
			defaultConfigurationName = Release;
		};
		DE49A1902B65F6DB000F3AFB /* Build configuration list for PBXNativeTarget "VoltixAppUITests" */ = {
			isa = XCConfigurationList;
			buildConfigurations = (
				DE49A1912B65F6DB000F3AFB /* Debug */,
				DE49A1922B65F6DB000F3AFB /* Release */,
			);
			defaultConfigurationIsVisible = 0;
			defaultConfigurationName = Release;
		};
/* End XCConfigurationList section */

/* Begin XCLocalSwiftPackageReference section */
		D9A22EB52B667C41007281BF /* XCLocalSwiftPackageReference "../Mediator" */ = {
			isa = XCLocalSwiftPackageReference;
			relativePath = ../Mediator;
		};
/* End XCLocalSwiftPackageReference section */

/* Begin XCSwiftPackageProductDependency section */
		D9A22EB62B667C41007281BF /* Mediator */ = {
			isa = XCSwiftPackageProductDependency;
			productName = Mediator;
		};
		DE49A1992B660D8D000F3AFB /* Mediator */ = {
			isa = XCSwiftPackageProductDependency;
			productName = Mediator;
		};
/* End XCSwiftPackageProductDependency section */
	};
	rootObject = DE49A15B2B65F6D9000F3AFB /* Project object */;
}
