{
  "pins" : [
    {
      "identity" : "bigint",
      "kind" : "remoteSourceControl",
      "location" : "https://github.com/attaswift/BigInt.git",
      "state" : {
        "revision" : "114343a705df4725dfe7ab8a2a326b8883cfd79c",
        "version" : "5.5.1"
      }
    },
    {
      "identity" : "cache",
      "kind" : "remoteSourceControl",
      "location" : "https://github.com/hyperoslo/Cache",
      "state" : {
        "revision" : "ad6abdf2a3a866288a7dad2c4e13379406002a81",
        "version" : "6.2.0"
      }
    },
    {
      "identity" : "codescanner",
      "kind" : "remoteSourceControl",
      "location" : "https://github.com/twostraws/CodeScanner",
      "state" : {
        "revision" : "5e886430238944c7200fc9e10dbf2d9550dba865",
        "version" : "2.5.2"
      }
    },
    {
      "identity" : "commondata",
      "kind" : "remoteSourceControl",
      "location" : "https://github.com/vultisig/commondata",
      "state" : {
        "branch" : "main",
        "revision" : "0a451cb7afcb9e42c73fc36f671d4fc64774abf9"
      }
    },
    {
      "identity" : "cryptoswift",
      "kind" : "remoteSourceControl",
      "location" : "https://github.com/krzyzanowskim/CryptoSwift.git",
      "state" : {
        "revision" : "678d442c6f7828def400a70ae15968aef67ef52d",
        "version" : "1.8.3"
      }
    },
    {
      "identity" : "swift-protobuf",
      "kind" : "remoteSourceControl",
      "location" : "https://github.com/apple/swift-protobuf.git",
      "state" : {
        "revision" : "ebc7251dd5b37f627c93698e4374084d98409633",
        "version" : "1.28.2"
      }
    },
    {
      "identity" : "swifter",
      "kind" : "remoteSourceControl",
      "location" : "https://github.com/httpswift/swifter.git",
      "state" : {
        "revision" : "9483a5d459b45c3ffd059f7b55f9638e268632fd",
        "version" : "1.5.0"
      }
    },
    {
      "identity" : "walletcore-spm",
      "kind" : "remoteSourceControl",
      "location" : "https://github.com/vultisig/walletcore-spm.git",
      "state" : {
        "branch" : "main",
        "revision" : "fbca5508a3c9b5d6608d82493525f2a4311f33d3"
      }
    }
  ],
  "version" : 2
}
