{
  "pins" : [
    {
      "identity" : "bigint",
      "kind" : "remoteSourceControl",
      "location" : "https://github.com/attaswift/BigInt.git",
      "state" : {
        "revision" : "0ed110f7555c34ff468e72e1686e59721f2b0da6",
        "version" : "5.3.0"
      }
    },
    {
      "identity" : "cache",
      "kind" : "remoteSourceControl",
      "location" : "https://github.com/hyperoslo/Cache",
      "state" : {
        "revision" : "ad6abdf2a3a866288a7dad2c4e13379406002a81",
        "version" : "6.2.0"
      }
    },
    {
      "identity" : "codescanner",
      "kind" : "remoteSourceControl",
      "location" : "https://github.com/twostraws/CodeScanner",
      "state" : {
        "revision" : "944a6a1ca030dbd890e647a678e718fc2115d35c",
        "version" : "2.4.1"
      }
    },
    {
      "identity" : "cryptoswift",
      "kind" : "remoteSourceControl",
      "location" : "https://github.com/krzyzanowskim/CryptoSwift.git",
      "state" : {
        "revision" : "c9c3df6ab812de32bae61fc0cd1bf6d45170ebf0",
        "version" : "1.8.2"
      }
    },
    {
      "identity" : "swift-protobuf",
      "kind" : "remoteSourceControl",
      "location" : "https://github.com/apple/swift-protobuf.git",
      "state" : {
        "revision" : "9f0c76544701845ad98716f3f6a774a892152bcb",
        "version" : "1.26.0"
      }
    },
    {
      "identity" : "swifter",
      "kind" : "remoteSourceControl",
      "location" : "https://github.com/httpswift/swifter.git",
      "state" : {
        "revision" : "9483a5d459b45c3ffd059f7b55f9638e268632fd",
        "version" : "1.5.0"
      }
    },
    {
      "identity" : "walletcore-spm",
      "kind" : "remoteSourceControl",
      "location" : "https://github.com/vultisig/walletcore-spm.git",
      "state" : {
        "revision" : "ebc125f2a4676b3f4a1c471b23627d704987af80",
        "version" : "4.0.44"
      }
    }
  ],
  "version" : 2
}
