{
  "originHash" : "26a8657c167f6eb0d5f23f1eb40f68ec199457e58e200fcba6bc4cb9c77aa425",
  "pins" : [
    {
      "identity" : "swift-protobuf",
      "kind" : "remoteSourceControl",
      "location" : "https://github.com/apple/swift-protobuf.git",
      "state" : {
        "revision" : "9f0c76544701845ad98716f3f6a774a892152bcb",
        "version" : "1.26.0"
      }
    }
  ],
  "version" : 3
}
